
Microsoft Visual Studio Solution File, Format Version 11.00
# Visual Studio 2010
Project("{8BC9CEB8-8B4A-11D0-8D11-00A0C91BC942}") = "App_BulletExampleBrowser", "App_BulletExampleBrowser.vcxproj", "{F628EB32-1218-2D44-B3BE-4343D12B1583}"
	ProjectSection(ProjectDependencies) = postProject
		{165214E2-1318-D548-A386-0DA5AC2F0230} = {165214E2-1318-D548-A386-0DA5AC2F0230}
		{4577616A-79C6-C044-A6DB-5B4E9D72451F} = {4577616A-79C6-C044-A6DB-5B4E9D72451F}
		{3284D5EB-966D-6040-A18D-ACE33037EB15} = {3284D5EB-966D-6040-A18D-ACE33037EB15}
		{913EC239-4185-F849-872C-2BF8AA28EB05} = {913EC239-4185-F849-872C-2BF8AA28EB05}
		{9BEE9F93-CA6C-8C4A-A5F2-8C1E419DBB10} = {9BEE9F93-CA6C-8C4A-A5F2-8C1E419DBB10}
		{C6A1558E-F223-2540-949B-EC54BF62AC89} = {C6A1558E-F223-2540-949B-EC54BF62AC89}
		{00417744-6FD0-D648-A390-305AA4F43B79} = {00417744-6FD0-D648-A390-305AA4F43B79}
		{3C04BB5D-F53A-944C-9F66-B065FB2A9E91} = {3C04BB5D-F53A-944C-9F66-B065FB2A9E91}
		{014DB158-936B-CE4B-9964-D3F4C79C4A0E} = {014DB158-936B-CE4B-9964-D3F4C79C4A0E}
		{5ADC6853-6EB7-3C4A-AF3E-783234CA176D} = {5ADC6853-6EB7-3C4A-AF3E-783234CA176D}
		{B6579FB8-7626-A445-9ECC-535F26D23305} = {B6579FB8-7626-A445-9ECC-535F26D23305}
		{0865AD35-BFA7-8749-B8B4-27048404E57C} = {0865AD35-BFA7-8749-B8B4-27048404E57C}
		{78F07598-E85B-144C-A286-1FCE60BF32DB} = {78F07598-E85B-144C-A286-1FCE60BF32DB}
		{A91252E3-4FF5-FA44-ABF0-3B93E1217C3F} = {A91252E3-4FF5-FA44-ABF0-3B93E1217C3F}
		{C584514E-028E-A445-8764-1BCC7131C8F6} = {C584514E-028E-A445-8764-1BCC7131C8F6}
	EndProjectSection
EndProject
Project("{8BC9CEB8-8B4A-11D0-8D11-00A0C91BC942}") = "BulletExampleBrowserLib", "BulletExampleBrowserLib.vcxproj", "{165214E2-1318-D548-A386-0DA5AC2F0230}"
EndProject
Project("{8BC9CEB8-8B4A-11D0-8D11-00A0C91BC942}") = "App_RobotSimulator", "App_RobotSimulator.vcxproj", "{78951396-EE56-D948-B838-E51E6A749296}"
	ProjectSection(ProjectDependencies) = postProject
		{165214E2-1318-D548-A386-0DA5AC2F0230} = {165214E2-1318-D548-A386-0DA5AC2F0230}
		{4577616A-79C6-C044-A6DB-5B4E9D72451F} = {4577616A-79C6-C044-A6DB-5B4E9D72451F}
		{3284D5EB-966D-6040-A18D-ACE33037EB15} = {3284D5EB-966D-6040-A18D-ACE33037EB15}
		{63E0D012-421F-EF4F-99D3-BC109B373A37} = {63E0D012-421F-EF4F-99D3-BC109B373A37}
		{17401725-5875-1A4A-BB5D-D0F386BFB11A} = {17401725-5875-1A4A-BB5D-D0F386BFB11A}
		{913EC239-4185-F849-872C-2BF8AA28EB05} = {913EC239-4185-F849-872C-2BF8AA28EB05}
		{9BEE9F93-CA6C-8C4A-A5F2-8C1E419DBB10} = {9BEE9F93-CA6C-8C4A-A5F2-8C1E419DBB10}
		{C6A1558E-F223-2540-949B-EC54BF62AC89} = {C6A1558E-F223-2540-949B-EC54BF62AC89}
		{00417744-6FD0-D648-A390-305AA4F43B79} = {00417744-6FD0-D648-A390-305AA4F43B79}
		{3C04BB5D-F53A-944C-9F66-B065FB2A9E91} = {3C04BB5D-F53A-944C-9F66-B065FB2A9E91}
		{014DB158-936B-CE4B-9964-D3F4C79C4A0E} = {014DB158-936B-CE4B-9964-D3F4C79C4A0E}
		{5ADC6853-6EB7-3C4A-AF3E-783234CA176D} = {5ADC6853-6EB7-3C4A-AF3E-783234CA176D}
		{B6579FB8-7626-A445-9ECC-535F26D23305} = {B6579FB8-7626-A445-9ECC-535F26D23305}
		{0865AD35-BFA7-8749-B8B4-27048404E57C} = {0865AD35-BFA7-8749-B8B4-27048404E57C}
		{78F07598-E85B-144C-A286-1FCE60BF32DB} = {78F07598-E85B-144C-A286-1FCE60BF32DB}
		{A91252E3-4FF5-FA44-ABF0-3B93E1217C3F} = {A91252E3-4FF5-FA44-ABF0-3B93E1217C3F}
		{C584514E-028E-A445-8764-1BCC7131C8F6} = {C584514E-028E-A445-8764-1BCC7131C8F6}
		{774EC233-0954-3C43-82FA-95F510B8EA0C} = {774EC233-0954-3C43-82FA-95F510B8EA0C}
		{416C46C5-A52E-B94C-92C4-B61FA6777AA9} = {416C46C5-A52E-B94C-92C4-B61FA6777AA9}
	EndProjectSection
EndProject
Project("{8BC9CEB8-8B4A-11D0-8D11-00A0C91BC942}") = "OpenGL_Window", "OpenGL_Window.vcxproj", "{3284D5EB-966D-6040-A18D-ACE33037EB15}"
EndProject
Project("{8BC9CEB8-8B4A-11D0-8D11-00A0C91BC942}") = "gwen", "gwen.vcxproj", "{4577616A-79C6-C044-A6DB-5B4E9D72451F}"
EndProject
Project("{8BC9CEB8-8B4A-11D0-8D11-00A0C91BC942}") = "App_HelloWorld", "App_HelloWorld.vcxproj", "{354B5FE5-1618-524A-8663-5C2ACFFBB744}"
	ProjectSection(ProjectDependencies) = postProject
		{00417744-6FD0-D648-A390-305AA4F43B79} = {00417744-6FD0-D648-A390-305AA4F43B79}
		{3C04BB5D-F53A-944C-9F66-B065FB2A9E91} = {3C04BB5D-F53A-944C-9F66-B065FB2A9E91}
		{014DB158-936B-CE4B-9964-D3F4C79C4A0E} = {014DB158-936B-CE4B-9964-D3F4C79C4A0E}
	EndProjectSection
EndProject
Project("{8BC9CEB8-8B4A-11D0-8D11-00A0C91BC942}") = "App_PhysicsServer_SharedMemory", "App_PhysicsServer_SharedMemory.vcxproj", "{091D428E-4C95-804B-8AF6-AE4A9F9FB9CF}"
	ProjectSection(ProjectDependencies) = postProject
		{B6579FB8-7626-A445-9ECC-535F26D23305} = {B6579FB8-7626-A445-9ECC-535F26D23305}
		{9BEE9F93-CA6C-8C4A-A5F2-8C1E419DBB10} = {9BEE9F93-CA6C-8C4A-A5F2-8C1E419DBB10}
		{C6A1558E-F223-2540-949B-EC54BF62AC89} = {C6A1558E-F223-2540-949B-EC54BF62AC89}
		{00417744-6FD0-D648-A390-305AA4F43B79} = {00417744-6FD0-D648-A390-305AA4F43B79}
		{3C04BB5D-F53A-944C-9F66-B065FB2A9E91} = {3C04BB5D-F53A-944C-9F66-B065FB2A9E91}
		{014DB158-936B-CE4B-9964-D3F4C79C4A0E} = {014DB158-936B-CE4B-9964-D3F4C79C4A0E}
		{5ADC6853-6EB7-3C4A-AF3E-783234CA176D} = {5ADC6853-6EB7-3C4A-AF3E-783234CA176D}
	EndProjectSection
EndProject
Project("{8BC9CEB8-8B4A-11D0-8D11-00A0C91BC942}") = "App_PhysicsServer_SharedMemory_GUI", "App_PhysicsServer_SharedMemory_GUI.vcxproj", "{420FD498-22AF-B744-9B0F-186516DD905F}"
	ProjectSection(ProjectDependencies) = postProject
		{9BEE9F93-CA6C-8C4A-A5F2-8C1E419DBB10} = {9BEE9F93-CA6C-8C4A-A5F2-8C1E419DBB10}
		{C6A1558E-F223-2540-949B-EC54BF62AC89} = {C6A1558E-F223-2540-949B-EC54BF62AC89}
		{00417744-6FD0-D648-A390-305AA4F43B79} = {00417744-6FD0-D648-A390-305AA4F43B79}
		{3C04BB5D-F53A-944C-9F66-B065FB2A9E91} = {3C04BB5D-F53A-944C-9F66-B065FB2A9E91}
		{014DB158-936B-CE4B-9964-D3F4C79C4A0E} = {014DB158-936B-CE4B-9964-D3F4C79C4A0E}
		{3284D5EB-966D-6040-A18D-ACE33037EB15} = {3284D5EB-966D-6040-A18D-ACE33037EB15}
		{B6579FB8-7626-A445-9ECC-535F26D23305} = {B6579FB8-7626-A445-9ECC-535F26D23305}
		{5ADC6853-6EB7-3C4A-AF3E-783234CA176D} = {5ADC6853-6EB7-3C4A-AF3E-783234CA176D}
	EndProjectSection
EndProject
Project("{8BC9CEB8-8B4A-11D0-8D11-00A0C91BC942}") = "App_PhysicsServer_SharedMemory_VR", "App_PhysicsServer_SharedMemory_VR.vcxproj", "{C6CE4BD2-7A7E-5147-AAA8-170589510DC9}"
	ProjectSection(ProjectDependencies) = postProject
		{9BEE9F93-CA6C-8C4A-A5F2-8C1E419DBB10} = {9BEE9F93-CA6C-8C4A-A5F2-8C1E419DBB10}
		{C6A1558E-F223-2540-949B-EC54BF62AC89} = {C6A1558E-F223-2540-949B-EC54BF62AC89}
		{B6579FB8-7626-A445-9ECC-535F26D23305} = {B6579FB8-7626-A445-9ECC-535F26D23305}
		{00417744-6FD0-D648-A390-305AA4F43B79} = {00417744-6FD0-D648-A390-305AA4F43B79}
		{3C04BB5D-F53A-944C-9F66-B065FB2A9E91} = {3C04BB5D-F53A-944C-9F66-B065FB2A9E91}
		{014DB158-936B-CE4B-9964-D3F4C79C4A0E} = {014DB158-936B-CE4B-9964-D3F4C79C4A0E}
		{3284D5EB-966D-6040-A18D-ACE33037EB15} = {3284D5EB-966D-6040-A18D-ACE33037EB15}
		{5ADC6853-6EB7-3C4A-AF3E-783234CA176D} = {5ADC6853-6EB7-3C4A-AF3E-783234CA176D}
	EndProjectSection
EndProject
Project("{8BC9CEB8-8B4A-11D0-8D11-00A0C91BC942}") = "App_PhysicsServerSharedMemoryBridgeUDP", "App_PhysicsServerSharedMemoryBridgeUDP.vcxproj", "{4DAFA145-342B-EE45-A83B-103946182DAC}"
	ProjectSection(ProjectDependencies) = postProject
		{774EC233-0954-3C43-82FA-95F510B8EA0C} = {774EC233-0954-3C43-82FA-95F510B8EA0C}
		{63E0D012-421F-EF4F-99D3-BC109B373A37} = {63E0D012-421F-EF4F-99D3-BC109B373A37}
		{B6579FB8-7626-A445-9ECC-535F26D23305} = {B6579FB8-7626-A445-9ECC-535F26D23305}
		{014DB158-936B-CE4B-9964-D3F4C79C4A0E} = {014DB158-936B-CE4B-9964-D3F4C79C4A0E}
	EndProjectSection
EndProject
Project("{8BC9CEB8-8B4A-11D0-8D11-00A0C91BC942}") = "App_PhysicsServerUDP", "App_PhysicsServerUDP.vcxproj", "{A8AC52D9-1D64-4C4E-9592-0431980B96D0}"
	ProjectSection(ProjectDependencies) = postProject
		{774EC233-0954-3C43-82FA-95F510B8EA0C} = {774EC233-0954-3C43-82FA-95F510B8EA0C}
		{B6579FB8-7626-A445-9ECC-535F26D23305} = {B6579FB8-7626-A445-9ECC-535F26D23305}
		{9BEE9F93-CA6C-8C4A-A5F2-8C1E419DBB10} = {9BEE9F93-CA6C-8C4A-A5F2-8C1E419DBB10}
		{C6A1558E-F223-2540-949B-EC54BF62AC89} = {C6A1558E-F223-2540-949B-EC54BF62AC89}
		{00417744-6FD0-D648-A390-305AA4F43B79} = {00417744-6FD0-D648-A390-305AA4F43B79}
		{3C04BB5D-F53A-944C-9F66-B065FB2A9E91} = {3C04BB5D-F53A-944C-9F66-B065FB2A9E91}
		{014DB158-936B-CE4B-9964-D3F4C79C4A0E} = {014DB158-936B-CE4B-9964-D3F4C79C4A0E}
		{5ADC6853-6EB7-3C4A-AF3E-783234CA176D} = {5ADC6853-6EB7-3C4A-AF3E-783234CA176D}
	EndProjectSection
EndProject
Project("{8BC9CEB8-8B4A-11D0-8D11-00A0C91BC942}") = "App_PhysicsServerSharedMemoryBridgeTCP", "App_PhysicsServerSharedMemoryBridgeTCP.vcxproj", "{03410378-476B-5D47-A447-B085513D19E7}"
	ProjectSection(ProjectDependencies) = postProject
		{416C46C5-A52E-B94C-92C4-B61FA6777AA9} = {416C46C5-A52E-B94C-92C4-B61FA6777AA9}
		{63E0D012-421F-EF4F-99D3-BC109B373A37} = {63E0D012-421F-EF4F-99D3-BC109B373A37}
		{B6579FB8-7626-A445-9ECC-535F26D23305} = {B6579FB8-7626-A445-9ECC-535F26D23305}
		{014DB158-936B-CE4B-9964-D3F4C79C4A0E} = {014DB158-936B-CE4B-9964-D3F4C79C4A0E}
	EndProjectSection
EndProject
Project("{8BC9CEB8-8B4A-11D0-8D11-00A0C91BC942}") = "App_PhysicsServerTCP", "App_PhysicsServerTCP.vcxproj", "{8D65135C-E6E8-D240-8AE5-73C7D3DC0078}"
	ProjectSection(ProjectDependencies) = postProject
		{416C46C5-A52E-B94C-92C4-B61FA6777AA9} = {416C46C5-A52E-B94C-92C4-B61FA6777AA9}
		{B6579FB8-7626-A445-9ECC-535F26D23305} = {B6579FB8-7626-A445-9ECC-535F26D23305}
		{9BEE9F93-CA6C-8C4A-A5F2-8C1E419DBB10} = {9BEE9F93-CA6C-8C4A-A5F2-8C1E419DBB10}
		{C6A1558E-F223-2540-949B-EC54BF62AC89} = {C6A1558E-F223-2540-949B-EC54BF62AC89}
		{00417744-6FD0-D648-A390-305AA4F43B79} = {00417744-6FD0-D648-A390-305AA4F43B79}
		{3C04BB5D-F53A-944C-9F66-B065FB2A9E91} = {3C04BB5D-F53A-944C-9F66-B065FB2A9E91}
		{014DB158-936B-CE4B-9964-D3F4C79C4A0E} = {014DB158-936B-CE4B-9964-D3F4C79C4A0E}
		{5ADC6853-6EB7-3C4A-AF3E-783234CA176D} = {5ADC6853-6EB7-3C4A-AF3E-783234CA176D}
	EndProjectSection
EndProject
Project("{8BC9CEB8-8B4A-11D0-8D11-00A0C91BC942}") = "pybullet_testplugin", "pybullet_testplugin.vcxproj", "{228297C2-F4C8-A44D-A694-6D29FCB25090}"
	ProjectSection(ProjectDependencies) = postProject
		{63E0D012-421F-EF4F-99D3-BC109B373A37} = {63E0D012-421F-EF4F-99D3-BC109B373A37}
		{B6579FB8-7626-A445-9ECC-535F26D23305} = {B6579FB8-7626-A445-9ECC-535F26D23305}
		{014DB158-936B-CE4B-9964-D3F4C79C4A0E} = {014DB158-936B-CE4B-9964-D3F4C79C4A0E}
	EndProjectSection
EndProject
Project("{8BC9CEB8-8B4A-11D0-8D11-00A0C91BC942}") = "pybullet_vrSyncPlugin", "pybullet_vrSyncPlugin.vcxproj", "{A703FB21-C7AC-544F-B798-6C294C5D3102}"
	ProjectSection(ProjectDependencies) = postProject
		{63E0D012-421F-EF4F-99D3-BC109B373A37} = {63E0D012-421F-EF4F-99D3-BC109B373A37}
		{B6579FB8-7626-A445-9ECC-535F26D23305} = {B6579FB8-7626-A445-9ECC-535F26D23305}
		{014DB158-936B-CE4B-9964-D3F4C79C4A0E} = {014DB158-936B-CE4B-9964-D3F4C79C4A0E}
	EndProjectSection
EndProject
Project("{8BC9CEB8-8B4A-11D0-8D11-00A0C91BC942}") = "BussIK", "BussIK.vcxproj", "{5ADC6853-6EB7-3C4A-AF3E-783234CA176D}"
EndProject
Project("{8BC9CEB8-8B4A-11D0-8D11-00A0C91BC942}") = "pybullet", "pybullet.vcxproj", "{FF8F0FCF-32F6-034B-8A9B-947083374C29}"
	ProjectSection(ProjectDependencies) = postProject
		{165214E2-1318-D548-A386-0DA5AC2F0230} = {165214E2-1318-D548-A386-0DA5AC2F0230}
		{4577616A-79C6-C044-A6DB-5B4E9D72451F} = {4577616A-79C6-C044-A6DB-5B4E9D72451F}
		{63E0D012-421F-EF4F-99D3-BC109B373A37} = {63E0D012-421F-EF4F-99D3-BC109B373A37}
		{17401725-5875-1A4A-BB5D-D0F386BFB11A} = {17401725-5875-1A4A-BB5D-D0F386BFB11A}
		{3284D5EB-966D-6040-A18D-ACE33037EB15} = {3284D5EB-966D-6040-A18D-ACE33037EB15}
		{913EC239-4185-F849-872C-2BF8AA28EB05} = {913EC239-4185-F849-872C-2BF8AA28EB05}
		{9BEE9F93-CA6C-8C4A-A5F2-8C1E419DBB10} = {9BEE9F93-CA6C-8C4A-A5F2-8C1E419DBB10}
		{C6A1558E-F223-2540-949B-EC54BF62AC89} = {C6A1558E-F223-2540-949B-EC54BF62AC89}
		{00417744-6FD0-D648-A390-305AA4F43B79} = {00417744-6FD0-D648-A390-305AA4F43B79}
		{3C04BB5D-F53A-944C-9F66-B065FB2A9E91} = {3C04BB5D-F53A-944C-9F66-B065FB2A9E91}
		{014DB158-936B-CE4B-9964-D3F4C79C4A0E} = {014DB158-936B-CE4B-9964-D3F4C79C4A0E}
		{5ADC6853-6EB7-3C4A-AF3E-783234CA176D} = {5ADC6853-6EB7-3C4A-AF3E-783234CA176D}
		{B6579FB8-7626-A445-9ECC-535F26D23305} = {B6579FB8-7626-A445-9ECC-535F26D23305}
		{0865AD35-BFA7-8749-B8B4-27048404E57C} = {0865AD35-BFA7-8749-B8B4-27048404E57C}
		{78F07598-E85B-144C-A286-1FCE60BF32DB} = {78F07598-E85B-144C-A286-1FCE60BF32DB}
		{A91252E3-4FF5-FA44-ABF0-3B93E1217C3F} = {A91252E3-4FF5-FA44-ABF0-3B93E1217C3F}
		{C584514E-028E-A445-8764-1BCC7131C8F6} = {C584514E-028E-A445-8764-1BCC7131C8F6}
		{774EC233-0954-3C43-82FA-95F510B8EA0C} = {774EC233-0954-3C43-82FA-95F510B8EA0C}
		{416C46C5-A52E-B94C-92C4-B61FA6777AA9} = {416C46C5-A52E-B94C-92C4-B61FA6777AA9}
	EndProjectSection
EndProject
Project("{8BC9CEB8-8B4A-11D0-8D11-00A0C91BC942}") = "App_SimpleOpenGL3", "App_SimpleOpenGL3.vcxproj", "{5CA692A7-FDD9-354B-A200-B026525D7E04}"
	ProjectSection(ProjectDependencies) = postProject
		{3284D5EB-966D-6040-A18D-ACE33037EB15} = {3284D5EB-966D-6040-A18D-ACE33037EB15}
		{B6579FB8-7626-A445-9ECC-535F26D23305} = {B6579FB8-7626-A445-9ECC-535F26D23305}
	EndProjectSection
EndProject
Project("{8BC9CEB8-8B4A-11D0-8D11-00A0C91BC942}") = "Test_SharedMemoryPhysicsClient", "Test_SharedMemoryPhysicsClient.vcxproj", "{63E61C95-0AB7-9643-8B02-1E020E97D02D}"
	ProjectSection(ProjectDependencies) = postProject
		{63E0D012-421F-EF4F-99D3-BC109B373A37} = {63E0D012-421F-EF4F-99D3-BC109B373A37}
		{B6579FB8-7626-A445-9ECC-535F26D23305} = {B6579FB8-7626-A445-9ECC-535F26D23305}
		{014DB158-936B-CE4B-9964-D3F4C79C4A0E} = {014DB158-936B-CE4B-9964-D3F4C79C4A0E}
	EndProjectSection
EndProject
Project("{8BC9CEB8-8B4A-11D0-8D11-00A0C91BC942}") = "Test_PhysicsClientUDP", "Test_PhysicsClientUDP.vcxproj", "{5C9F52E7-A515-9E43-A573-E9120655A618}"
	ProjectSection(ProjectDependencies) = postProject
		{774EC233-0954-3C43-82FA-95F510B8EA0C} = {774EC233-0954-3C43-82FA-95F510B8EA0C}
		{63E0D012-421F-EF4F-99D3-BC109B373A37} = {63E0D012-421F-EF4F-99D3-BC109B373A37}
		{B6579FB8-7626-A445-9ECC-535F26D23305} = {B6579FB8-7626-A445-9ECC-535F26D23305}
		{014DB158-936B-CE4B-9964-D3F4C79C4A0E} = {014DB158-936B-CE4B-9964-D3F4C79C4A0E}
	EndProjectSection
EndProject
Project("{8BC9CEB8-8B4A-11D0-8D11-00A0C91BC942}") = "Test_PhysicsClientTCP", "Test_PhysicsClientTCP.vcxproj", "{A74C908C-BB96-F349-A475-8F4E51E0D216}"
	ProjectSection(ProjectDependencies) = postProject
		{416C46C5-A52E-B94C-92C4-B61FA6777AA9} = {416C46C5-A52E-B94C-92C4-B61FA6777AA9}
		{63E0D012-421F-EF4F-99D3-BC109B373A37} = {63E0D012-421F-EF4F-99D3-BC109B373A37}
		{B6579FB8-7626-A445-9ECC-535F26D23305} = {B6579FB8-7626-A445-9ECC-535F26D23305}
		{014DB158-936B-CE4B-9964-D3F4C79C4A0E} = {014DB158-936B-CE4B-9964-D3F4C79C4A0E}
	EndProjectSection
EndProject
Project("{8BC9CEB8-8B4A-11D0-8D11-00A0C91BC942}") = "Test_PhysicsServerLoopBack", "Test_PhysicsServerLoopBack.vcxproj", "{77B15B02-0708-6647-A98F-2623E60046C1}"
	ProjectSection(ProjectDependencies) = postProject
		{9BEE9F93-CA6C-8C4A-A5F2-8C1E419DBB10} = {9BEE9F93-CA6C-8C4A-A5F2-8C1E419DBB10}
		{C6A1558E-F223-2540-949B-EC54BF62AC89} = {C6A1558E-F223-2540-949B-EC54BF62AC89}
		{63E0D012-421F-EF4F-99D3-BC109B373A37} = {63E0D012-421F-EF4F-99D3-BC109B373A37}
		{17401725-5875-1A4A-BB5D-D0F386BFB11A} = {17401725-5875-1A4A-BB5D-D0F386BFB11A}
		{B6579FB8-7626-A445-9ECC-535F26D23305} = {B6579FB8-7626-A445-9ECC-535F26D23305}
		{00417744-6FD0-D648-A390-305AA4F43B79} = {00417744-6FD0-D648-A390-305AA4F43B79}
		{3C04BB5D-F53A-944C-9F66-B065FB2A9E91} = {3C04BB5D-F53A-944C-9F66-B065FB2A9E91}
		{5ADC6853-6EB7-3C4A-AF3E-783234CA176D} = {5ADC6853-6EB7-3C4A-AF3E-783234CA176D}
		{014DB158-936B-CE4B-9964-D3F4C79C4A0E} = {014DB158-936B-CE4B-9964-D3F4C79C4A0E}
	EndProjectSection
EndProject
Project("{8BC9CEB8-8B4A-11D0-8D11-00A0C91BC942}") = "Test_PhysicsServerDirect", "Test_PhysicsServerDirect.vcxproj", "{B52D9B2B-051C-AA4A-A77E-39BF2B71CF8E}"
	ProjectSection(ProjectDependencies) = postProject
		{9BEE9F93-CA6C-8C4A-A5F2-8C1E419DBB10} = {9BEE9F93-CA6C-8C4A-A5F2-8C1E419DBB10}
		{C6A1558E-F223-2540-949B-EC54BF62AC89} = {C6A1558E-F223-2540-949B-EC54BF62AC89}
		{63E0D012-421F-EF4F-99D3-BC109B373A37} = {63E0D012-421F-EF4F-99D3-BC109B373A37}
		{17401725-5875-1A4A-BB5D-D0F386BFB11A} = {17401725-5875-1A4A-BB5D-D0F386BFB11A}
		{B6579FB8-7626-A445-9ECC-535F26D23305} = {B6579FB8-7626-A445-9ECC-535F26D23305}
		{00417744-6FD0-D648-A390-305AA4F43B79} = {00417744-6FD0-D648-A390-305AA4F43B79}
		{3C04BB5D-F53A-944C-9F66-B065FB2A9E91} = {3C04BB5D-F53A-944C-9F66-B065FB2A9E91}
		{5ADC6853-6EB7-3C4A-AF3E-783234CA176D} = {5ADC6853-6EB7-3C4A-AF3E-783234CA176D}
		{014DB158-936B-CE4B-9964-D3F4C79C4A0E} = {014DB158-936B-CE4B-9964-D3F4C79C4A0E}
	EndProjectSection
EndProject
Project("{8BC9CEB8-8B4A-11D0-8D11-00A0C91BC942}") = "Test_PhysicsServerInProcessExampleBrowser", "Test_PhysicsServerInProcessExampleBrowser.vcxproj", "{7C945F52-C1E4-124C-8CFF-F1CD5C1F4D8E}"
	ProjectSection(ProjectDependencies) = postProject
		{165214E2-1318-D548-A386-0DA5AC2F0230} = {165214E2-1318-D548-A386-0DA5AC2F0230}
		{4577616A-79C6-C044-A6DB-5B4E9D72451F} = {4577616A-79C6-C044-A6DB-5B4E9D72451F}
		{3284D5EB-966D-6040-A18D-ACE33037EB15} = {3284D5EB-966D-6040-A18D-ACE33037EB15}
		{63E0D012-421F-EF4F-99D3-BC109B373A37} = {63E0D012-421F-EF4F-99D3-BC109B373A37}
		{17401725-5875-1A4A-BB5D-D0F386BFB11A} = {17401725-5875-1A4A-BB5D-D0F386BFB11A}
		{913EC239-4185-F849-872C-2BF8AA28EB05} = {913EC239-4185-F849-872C-2BF8AA28EB05}
		{9BEE9F93-CA6C-8C4A-A5F2-8C1E419DBB10} = {9BEE9F93-CA6C-8C4A-A5F2-8C1E419DBB10}
		{C6A1558E-F223-2540-949B-EC54BF62AC89} = {C6A1558E-F223-2540-949B-EC54BF62AC89}
		{00417744-6FD0-D648-A390-305AA4F43B79} = {00417744-6FD0-D648-A390-305AA4F43B79}
		{3C04BB5D-F53A-944C-9F66-B065FB2A9E91} = {3C04BB5D-F53A-944C-9F66-B065FB2A9E91}
		{014DB158-936B-CE4B-9964-D3F4C79C4A0E} = {014DB158-936B-CE4B-9964-D3F4C79C4A0E}
		{5ADC6853-6EB7-3C4A-AF3E-783234CA176D} = {5ADC6853-6EB7-3C4A-AF3E-783234CA176D}
		{B6579FB8-7626-A445-9ECC-535F26D23305} = {B6579FB8-7626-A445-9ECC-535F26D23305}
		{0865AD35-BFA7-8749-B8B4-27048404E57C} = {0865AD35-BFA7-8749-B8B4-27048404E57C}
		{78F07598-E85B-144C-A286-1FCE60BF32DB} = {78F07598-E85B-144C-A286-1FCE60BF32DB}
		{A91252E3-4FF5-FA44-ABF0-3B93E1217C3F} = {A91252E3-4FF5-FA44-ABF0-3B93E1217C3F}
		{C584514E-028E-A445-8764-1BCC7131C8F6} = {C584514E-028E-A445-8764-1BCC7131C8F6}
	EndProjectSection
EndProject
Project("{8BC9CEB8-8B4A-11D0-8D11-00A0C91BC942}") = "rtMidiTest", "rtMidiTest.vcxproj", "{3F55ADF5-A878-CA43-A341-047E586D4584}"
EndProject
Project("{8BC9CEB8-8B4A-11D0-8D11-00A0C91BC942}") = "clsocket", "clsocket.vcxproj", "{416C46C5-A52E-B94C-92C4-B61FA6777AA9}"
EndProject
Project("{8BC9CEB8-8B4A-11D0-8D11-00A0C91BC942}") = "Test_clsocket_EchoServer", "Test_clsocket_EchoServer.vcxproj", "{2D8419C7-B9F8-A248-946D-DB78204364BE}"
	ProjectSection(ProjectDependencies) = postProject
		{416C46C5-A52E-B94C-92C4-B61FA6777AA9} = {416C46C5-A52E-B94C-92C4-B61FA6777AA9}
	EndProjectSection
EndProject
Project("{8BC9CEB8-8B4A-11D0-8D11-00A0C91BC942}") = "Test_clsocket_QueryDayTime", "Test_clsocket_QueryDayTime.vcxproj", "{BAA5AB6D-88F6-7D4C-A75C-12629A12AFE2}"
	ProjectSection(ProjectDependencies) = postProject
		{416C46C5-A52E-B94C-92C4-B61FA6777AA9} = {416C46C5-A52E-B94C-92C4-B61FA6777AA9}
	EndProjectSection
EndProject
Project("{8BC9CEB8-8B4A-11D0-8D11-00A0C91BC942}") = "enet", "enet.vcxproj", "{774EC233-0954-3C43-82FA-95F510B8EA0C}"
EndProject
Project("{8BC9CEB8-8B4A-11D0-8D11-00A0C91BC942}") = "Test_enet_nat_punchthrough_client", "Test_enet_nat_punchthrough_client.vcxproj", "{297E83A0-D0B2-7A48-A8E5-B99A0E0E3C05}"
	ProjectSection(ProjectDependencies) = postProject
		{774EC233-0954-3C43-82FA-95F510B8EA0C} = {774EC233-0954-3C43-82FA-95F510B8EA0C}
	EndProjectSection
EndProject
Project("{8BC9CEB8-8B4A-11D0-8D11-00A0C91BC942}") = "Test_enet_nat_punchthrough_server", "Test_enet_nat_punchthrough_server.vcxproj", "{974921E0-ABCF-374F-AE0D-8C7FA00A4569}"
	ProjectSection(ProjectDependencies) = postProject
		{774EC233-0954-3C43-82FA-95F510B8EA0C} = {774EC233-0954-3C43-82FA-95F510B8EA0C}
	EndProjectSection
EndProject
Project("{8BC9CEB8-8B4A-11D0-8D11-00A0C91BC942}") = "Test_enet_chat_client", "Test_enet_chat_client.vcxproj", "{E9DDBA5C-57C7-354F-BE95-4EAB505F4F3E}"
	ProjectSection(ProjectDependencies) = postProject
		{774EC233-0954-3C43-82FA-95F510B8EA0C} = {774EC233-0954-3C43-82FA-95F510B8EA0C}
	EndProjectSection
EndProject
Project("{8BC9CEB8-8B4A-11D0-8D11-00A0C91BC942}") = "Test_enet_chat_server", "Test_enet_chat_server.vcxproj", "{76CAFE01-6F77-0C43-9DFC-1BD2548DD0DA}"
	ProjectSection(ProjectDependencies) = postProject
		{774EC233-0954-3C43-82FA-95F510B8EA0C} = {774EC233-0954-3C43-82FA-95F510B8EA0C}
	EndProjectSection
EndProject
Project("{8BC9CEB8-8B4A-11D0-8D11-00A0C91BC942}") = "Bullet3Common", "Bullet3Common.vcxproj", "{B6579FB8-7626-A445-9ECC-535F26D23305}"
EndProject
Project("{8BC9CEB8-8B4A-11D0-8D11-00A0C91BC942}") = "Bullet3Geometry", "Bullet3Geometry.vcxproj", "{C584514E-028E-A445-8764-1BCC7131C8F6}"
EndProject
Project("{8BC9CEB8-8B4A-11D0-8D11-00A0C91BC942}") = "Bullet3Collision", "Bullet3Collision.vcxproj", "{A91252E3-4FF5-FA44-ABF0-3B93E1217C3F}"
EndProject
Project("{8BC9CEB8-8B4A-11D0-8D11-00A0C91BC942}") = "Bullet3Dynamics", "Bullet3Dynamics.vcxproj", "{78F07598-E85B-144C-A286-1FCE60BF32DB}"
EndProject
Project("{8BC9CEB8-8B4A-11D0-8D11-00A0C91BC942}") = "Bullet3OpenCL_clew", "Bullet3OpenCL_clew.vcxproj", "{0865AD35-BFA7-8749-B8B4-27048404E57C}"
EndProject
Project("{8BC9CEB8-8B4A-11D0-8D11-00A0C91BC942}") = "Bullet2FileLoader", "Bullet2FileLoader.vcxproj", "{17EA2E26-B17B-A64E-9633-EC657D231CB0}"
EndProject
Project("{8BC9CEB8-8B4A-11D0-8D11-00A0C91BC942}") = "HACD", "HACD.vcxproj", "{42B1A86A-1AC0-844B-8B99-5686F132A10D}"
EndProject
Project("{8BC9CEB8-8B4A-11D0-8D11-00A0C91BC942}") = "vhacd", "vhacd.vcxproj", "{90E30182-FD1F-9B4F-A300-20EEE4794CEE}"
EndProject
Project("{8BC9CEB8-8B4A-11D0-8D11-00A0C91BC942}") = "test_vhacd", "test_vhacd.vcxproj", "{6ADCD091-D16E-1E45-9F38-5474AC656DB3}"
	ProjectSection(ProjectDependencies) = postProject
		{90E30182-FD1F-9B4F-A300-20EEE4794CEE} = {90E30182-FD1F-9B4F-A300-20EEE4794CEE}
	EndProjectSection
EndProject
Project("{8BC9CEB8-8B4A-11D0-8D11-00A0C91BC942}") = "ConvexDecomposition", "ConvexDecomposition.vcxproj", "{88774922-2BA3-174A-AA94-4E7C97A28C1E}"
EndProject
Project("{8BC9CEB8-8B4A-11D0-8D11-00A0C91BC942}") = "BulletInverseDynamicsUtils", "BulletInverseDynamicsUtils.vcxproj", "{9BEE9F93-CA6C-8C4A-A5F2-8C1E419DBB10}"
EndProject
Project("{8BC9CEB8-8B4A-11D0-8D11-00A0C91BC942}") = "BulletFileLoader", "BulletFileLoader.vcxproj", "{63E0D012-421F-EF4F-99D3-BC109B373A37}"
EndProject
Project("{8BC9CEB8-8B4A-11D0-8D11-00A0C91BC942}") = "BulletWorldImporter", "BulletWorldImporter.vcxproj", "{17401725-5875-1A4A-BB5D-D0F386BFB11A}"
EndProject
Project("{8BC9CEB8-8B4A-11D0-8D11-00A0C91BC942}") = "BulletXmlWorldImporter", "BulletXmlWorldImporter.vcxproj", "{928F6563-A9E3-A94B-923E-F8DCCC5908A6}"
EndProject
Project("{8BC9CEB8-8B4A-11D0-8D11-00A0C91BC942}") = "App_obj2sdf", "App_obj2sdf.vcxproj", "{E5E469FB-E327-DB4D-A50A-E9EE9EB2437F}"
	ProjectSection(ProjectDependencies) = postProject
		{B6579FB8-7626-A445-9ECC-535F26D23305} = {B6579FB8-7626-A445-9ECC-535F26D23305}
	EndProjectSection
EndProject
Project("{8BC9CEB8-8B4A-11D0-8D11-00A0C91BC942}") = "Test_LinearMath", "Test_LinearMath.vcxproj", "{0E385988-C4B4-8E4D-BC76-1D8FF7514D4E}"
	ProjectSection(ProjectDependencies) = postProject
		{00417744-6FD0-D648-A390-305AA4F43B79} = {00417744-6FD0-D648-A390-305AA4F43B79}
		{3C04BB5D-F53A-944C-9F66-B065FB2A9E91} = {3C04BB5D-F53A-944C-9F66-B065FB2A9E91}
		{014DB158-936B-CE4B-9964-D3F4C79C4A0E} = {014DB158-936B-CE4B-9964-D3F4C79C4A0E}
	EndProjectSection
EndProject
Project("{8BC9CEB8-8B4A-11D0-8D11-00A0C91BC942}") = "gtest", "gtest.vcxproj", "{6A8D1D33-1695-E942-A407-5BB693836012}"
EndProject
Project("{8BC9CEB8-8B4A-11D0-8D11-00A0C91BC942}") = "Test_BulletCollision", "Test_BulletCollision.vcxproj", "{241ED8F5-A306-9E43-8DFE-DAB01A9BEF15}"
	ProjectSection(ProjectDependencies) = postProject
		{014DB158-936B-CE4B-9964-D3F4C79C4A0E} = {014DB158-936B-CE4B-9964-D3F4C79C4A0E}
		{6A8D1D33-1695-E942-A407-5BB693836012} = {6A8D1D33-1695-E942-A407-5BB693836012}
	EndProjectSection
EndProject
Project("{8BC9CEB8-8B4A-11D0-8D11-00A0C91BC942}") = "Test_BulletDynamics", "Test_BulletDynamics.vcxproj", "{81E028EF-A600-034A-B5A5-94B47D0D3D5D}"
	ProjectSection(ProjectDependencies) = postProject
		{00417744-6FD0-D648-A390-305AA4F43B79} = {00417744-6FD0-D648-A390-305AA4F43B79}
		{3C04BB5D-F53A-944C-9F66-B065FB2A9E91} = {3C04BB5D-F53A-944C-9F66-B065FB2A9E91}
		{014DB158-936B-CE4B-9964-D3F4C79C4A0E} = {014DB158-936B-CE4B-9964-D3F4C79C4A0E}
		{6A8D1D33-1695-E942-A407-5BB693836012} = {6A8D1D33-1695-E942-A407-5BB693836012}
	EndProjectSection
EndProject
Project("{8BC9CEB8-8B4A-11D0-8D11-00A0C91BC942}") = "Test_InverseDynamicsKinematics", "Test_InverseDynamicsKinematics.vcxproj", "{CB438EE7-1C39-4444-8818-5ED1ABB54614}"
	ProjectSection(ProjectDependencies) = postProject
		{9BEE9F93-CA6C-8C4A-A5F2-8C1E419DBB10} = {9BEE9F93-CA6C-8C4A-A5F2-8C1E419DBB10}
		{C6A1558E-F223-2540-949B-EC54BF62AC89} = {C6A1558E-F223-2540-949B-EC54BF62AC89}
		{B6579FB8-7626-A445-9ECC-535F26D23305} = {B6579FB8-7626-A445-9ECC-535F26D23305}
		{014DB158-936B-CE4B-9964-D3F4C79C4A0E} = {014DB158-936B-CE4B-9964-D3F4C79C4A0E}
		{6A8D1D33-1695-E942-A407-5BB693836012} = {6A8D1D33-1695-E942-A407-5BB693836012}
	EndProjectSection
EndProject
Project("{8BC9CEB8-8B4A-11D0-8D11-00A0C91BC942}") = "Test_InverseDynamicsJacobian", "Test_InverseDynamicsJacobian.vcxproj", "{0B5A0BD9-0EA9-F146-BDC3-FB52E7A83E1C}"
	ProjectSection(ProjectDependencies) = postProject
		{9BEE9F93-CA6C-8C4A-A5F2-8C1E419DBB10} = {9BEE9F93-CA6C-8C4A-A5F2-8C1E419DBB10}
		{C6A1558E-F223-2540-949B-EC54BF62AC89} = {C6A1558E-F223-2540-949B-EC54BF62AC89}
		{B6579FB8-7626-A445-9ECC-535F26D23305} = {B6579FB8-7626-A445-9ECC-535F26D23305}
		{014DB158-936B-CE4B-9964-D3F4C79C4A0E} = {014DB158-936B-CE4B-9964-D3F4C79C4A0E}
		{6A8D1D33-1695-E942-A407-5BB693836012} = {6A8D1D33-1695-E942-A407-5BB693836012}
	EndProjectSection
EndProject
Project("{8BC9CEB8-8B4A-11D0-8D11-00A0C91BC942}") = "Test_InverseForwardDynamics", "Test_InverseForwardDynamics.vcxproj", "{51F0AD93-388F-C64D-86FE-8350A7E2C0A5}"
	ProjectSection(ProjectDependencies) = postProject
		{00417744-6FD0-D648-A390-305AA4F43B79} = {00417744-6FD0-D648-A390-305AA4F43B79}
		{3C04BB5D-F53A-944C-9F66-B065FB2A9E91} = {3C04BB5D-F53A-944C-9F66-B065FB2A9E91}
		{9BEE9F93-CA6C-8C4A-A5F2-8C1E419DBB10} = {9BEE9F93-CA6C-8C4A-A5F2-8C1E419DBB10}
		{C6A1558E-F223-2540-949B-EC54BF62AC89} = {C6A1558E-F223-2540-949B-EC54BF62AC89}
		{B6579FB8-7626-A445-9ECC-535F26D23305} = {B6579FB8-7626-A445-9ECC-535F26D23305}
		{014DB158-936B-CE4B-9964-D3F4C79C4A0E} = {014DB158-936B-CE4B-9964-D3F4C79C4A0E}
		{6A8D1D33-1695-E942-A407-5BB693836012} = {6A8D1D33-1695-E942-A407-5BB693836012}
	EndProjectSection
EndProject
Project("{8BC9CEB8-8B4A-11D0-8D11-00A0C91BC942}") = "Test_OpenCL_Bullet3", "Test_OpenCL_Bullet3.vcxproj", "{623F546F-AE87-5F4B-92E3-445FA82DAB8C}"
	ProjectSection(ProjectDependencies) = postProject
		{6A8D1D33-1695-E942-A407-5BB693836012} = {6A8D1D33-1695-E942-A407-5BB693836012}
		{0865AD35-BFA7-8749-B8B4-27048404E57C} = {0865AD35-BFA7-8749-B8B4-27048404E57C}
		{B6579FB8-7626-A445-9ECC-535F26D23305} = {B6579FB8-7626-A445-9ECC-535F26D23305}
	EndProjectSection
EndProject
Project("{8BC9CEB8-8B4A-11D0-8D11-00A0C91BC942}") = "Test_Gwen_OpenGL", "Test_Gwen_OpenGL.vcxproj", "{0A08842B-F9E4-7D42-AA54-FF8F78C9339B}"
	ProjectSection(ProjectDependencies) = postProject
		{4577616A-79C6-C044-A6DB-5B4E9D72451F} = {4577616A-79C6-C044-A6DB-5B4E9D72451F}
		{B6579FB8-7626-A445-9ECC-535F26D23305} = {B6579FB8-7626-A445-9ECC-535F26D23305}
	EndProjectSection
EndProject
Project("{8BC9CEB8-8B4A-11D0-8D11-00A0C91BC942}") = "BulletInverseDynamics", "BulletInverseDynamics.vcxproj", "{C6A1558E-F223-2540-949B-EC54BF62AC89}"
EndProject
Project("{8BC9CEB8-8B4A-11D0-8D11-00A0C91BC942}") = "BulletSoftBody", "BulletSoftBody.vcxproj", "{913EC239-4185-F849-872C-2BF8AA28EB05}"
EndProject
Project("{8BC9CEB8-8B4A-11D0-8D11-00A0C91BC942}") = "BulletDynamics", "BulletDynamics.vcxproj", "{00417744-6FD0-D648-A390-305AA4F43B79}"
EndProject
Project("{8BC9CEB8-8B4A-11D0-8D11-00A0C91BC942}") = "BulletCollision", "BulletCollision.vcxproj", "{3C04BB5D-F53A-944C-9F66-B065FB2A9E91}"
EndProject
Project("{8BC9CEB8-8B4A-11D0-8D11-00A0C91BC942}") = "LinearMath", "LinearMath.vcxproj", "{014DB158-936B-CE4B-9964-D3F4C79C4A0E}"
EndProject
Global
	GlobalSection(SolutionConfigurationPlatforms) = preSolution
		Release|Win32 = Release|Win32
		Release|x64 = Release|x64
		Debug|Win32 = Debug|Win32
		Debug|x64 = Debug|x64
	EndGlobalSection
	GlobalSection(ProjectConfigurationPlatforms) = postSolution
		{F628EB32-1218-2D44-B3BE-4343D12B1583}.Release|Win32.ActiveCfg = Release|Win32
		{F628EB32-1218-2D44-B3BE-4343D12B1583}.Release|Win32.Build.0 = Release|Win32
		{F628EB32-1218-2D44-B3BE-4343D12B1583}.Release|x64.ActiveCfg = Release|x64
		{F628EB32-1218-2D44-B3BE-4343D12B1583}.Release|x64.Build.0 = Release|x64
		{F628EB32-1218-2D44-B3BE-4343D12B1583}.Debug|Win32.ActiveCfg = Debug|Win32
		{F628EB32-1218-2D44-B3BE-4343D12B1583}.Debug|Win32.Build.0 = Debug|Win32
		{F628EB32-1218-2D44-B3BE-4343D12B1583}.Debug|x64.ActiveCfg = Debug|x64
		{F628EB32-1218-2D44-B3BE-4343D12B1583}.Debug|x64.Build.0 = Debug|x64
		{165214E2-1318-D548-A386-0DA5AC2F0230}.Release|Win32.ActiveCfg = Release|Win32
		{165214E2-1318-D548-A386-0DA5AC2F0230}.Release|Win32.Build.0 = Release|Win32
		{165214E2-1318-D548-A386-0DA5AC2F0230}.Release|x64.ActiveCfg = Release|x64
		{165214E2-1318-D548-A386-0DA5AC2F0230}.Release|x64.Build.0 = Release|x64
		{165214E2-1318-D548-A386-0DA5AC2F0230}.Debug|Win32.ActiveCfg = Debug|Win32
		{165214E2-1318-D548-A386-0DA5AC2F0230}.Debug|Win32.Build.0 = Debug|Win32
		{165214E2-1318-D548-A386-0DA5AC2F0230}.Debug|x64.ActiveCfg = Debug|x64
		{165214E2-1318-D548-A386-0DA5AC2F0230}.Debug|x64.Build.0 = Debug|x64
		{78951396-EE56-D948-B838-E51E6A749296}.Release|Win32.ActiveCfg = Release|Win32
		{78951396-EE56-D948-B838-E51E6A749296}.Release|Win32.Build.0 = Release|Win32
		{78951396-EE56-D948-B838-E51E6A749296}.Release|x64.ActiveCfg = Release|x64
		{78951396-EE56-D948-B838-E51E6A749296}.Release|x64.Build.0 = Release|x64
		{78951396-EE56-D948-B838-E51E6A749296}.Debug|Win32.ActiveCfg = Debug|Win32
		{78951396-EE56-D948-B838-E51E6A749296}.Debug|Win32.Build.0 = Debug|Win32
		{78951396-EE56-D948-B838-E51E6A749296}.Debug|x64.ActiveCfg = Debug|x64
		{78951396-EE56-D948-B838-E51E6A749296}.Debug|x64.Build.0 = Debug|x64
		{3284D5EB-966D-6040-A18D-ACE33037EB15}.Release|Win32.ActiveCfg = Release|Win32
		{3284D5EB-966D-6040-A18D-ACE33037EB15}.Release|Win32.Build.0 = Release|Win32
		{3284D5EB-966D-6040-A18D-ACE33037EB15}.Release|x64.ActiveCfg = Release|x64
		{3284D5EB-966D-6040-A18D-ACE33037EB15}.Release|x64.Build.0 = Release|x64
		{3284D5EB-966D-6040-A18D-ACE33037EB15}.Debug|Win32.ActiveCfg = Debug|Win32
		{3284D5EB-966D-6040-A18D-ACE33037EB15}.Debug|Win32.Build.0 = Debug|Win32
		{3284D5EB-966D-6040-A18D-ACE33037EB15}.Debug|x64.ActiveCfg = Debug|x64
		{3284D5EB-966D-6040-A18D-ACE33037EB15}.Debug|x64.Build.0 = Debug|x64
		{4577616A-79C6-C044-A6DB-5B4E9D72451F}.Release|Win32.ActiveCfg = Release|Win32
		{4577616A-79C6-C044-A6DB-5B4E9D72451F}.Release|Win32.Build.0 = Release|Win32
		{4577616A-79C6-C044-A6DB-5B4E9D72451F}.Release|x64.ActiveCfg = Release|x64
		{4577616A-79C6-C044-A6DB-5B4E9D72451F}.Release|x64.Build.0 = Release|x64
		{4577616A-79C6-C044-A6DB-5B4E9D72451F}.Debug|Win32.ActiveCfg = Debug|Win32
		{4577616A-79C6-C044-A6DB-5B4E9D72451F}.Debug|Win32.Build.0 = Debug|Win32
		{4577616A-79C6-C044-A6DB-5B4E9D72451F}.Debug|x64.ActiveCfg = Debug|x64
		{4577616A-79C6-C044-A6DB-5B4E9D72451F}.Debug|x64.Build.0 = Debug|x64
		{354B5FE5-1618-524A-8663-5C2ACFFBB744}.Release|Win32.ActiveCfg = Release|Win32
		{354B5FE5-1618-524A-8663-5C2ACFFBB744}.Release|Win32.Build.0 = Release|Win32
		{354B5FE5-1618-524A-8663-5C2ACFFBB744}.Release|x64.ActiveCfg = Release|x64
		{354B5FE5-1618-524A-8663-5C2ACFFBB744}.Release|x64.Build.0 = Release|x64
		{354B5FE5-1618-524A-8663-5C2ACFFBB744}.Debug|Win32.ActiveCfg = Debug|Win32
		{354B5FE5-1618-524A-8663-5C2ACFFBB744}.Debug|Win32.Build.0 = Debug|Win32
		{354B5FE5-1618-524A-8663-5C2ACFFBB744}.Debug|x64.ActiveCfg = Debug|x64
		{354B5FE5-1618-524A-8663-5C2ACFFBB744}.Debug|x64.Build.0 = Debug|x64
		{091D428E-4C95-804B-8AF6-AE4A9F9FB9CF}.Release|Win32.ActiveCfg = Release|Win32
		{091D428E-4C95-804B-8AF6-AE4A9F9FB9CF}.Release|Win32.Build.0 = Release|Win32
		{091D428E-4C95-804B-8AF6-AE4A9F9FB9CF}.Release|x64.ActiveCfg = Release|x64
		{091D428E-4C95-804B-8AF6-AE4A9F9FB9CF}.Release|x64.Build.0 = Release|x64
		{091D428E-4C95-804B-8AF6-AE4A9F9FB9CF}.Debug|Win32.ActiveCfg = Debug|Win32
		{091D428E-4C95-804B-8AF6-AE4A9F9FB9CF}.Debug|Win32.Build.0 = Debug|Win32
		{091D428E-4C95-804B-8AF6-AE4A9F9FB9CF}.Debug|x64.ActiveCfg = Debug|x64
		{091D428E-4C95-804B-8AF6-AE4A9F9FB9CF}.Debug|x64.Build.0 = Debug|x64
		{420FD498-22AF-B744-9B0F-186516DD905F}.Release|Win32.ActiveCfg = Release|Win32
		{420FD498-22AF-B744-9B0F-186516DD905F}.Release|Win32.Build.0 = Release|Win32
		{420FD498-22AF-B744-9B0F-186516DD905F}.Release|x64.ActiveCfg = Release|x64
		{420FD498-22AF-B744-9B0F-186516DD905F}.Release|x64.Build.0 = Release|x64
		{420FD498-22AF-B744-9B0F-186516DD905F}.Debug|Win32.ActiveCfg = Debug|Win32
		{420FD498-22AF-B744-9B0F-186516DD905F}.Debug|Win32.Build.0 = Debug|Win32
		{420FD498-22AF-B744-9B0F-186516DD905F}.Debug|x64.ActiveCfg = Debug|x64
		{420FD498-22AF-B744-9B0F-186516DD905F}.Debug|x64.Build.0 = Debug|x64
		{C6CE4BD2-7A7E-5147-AAA8-170589510DC9}.Release|Win32.ActiveCfg = Release|Win32
		{C6CE4BD2-7A7E-5147-AAA8-170589510DC9}.Release|Win32.Build.0 = Release|Win32
		{C6CE4BD2-7A7E-5147-AAA8-170589510DC9}.Release|x64.ActiveCfg = Release|x64
		{C6CE4BD2-7A7E-5147-AAA8-170589510DC9}.Release|x64.Build.0 = Release|x64
		{C6CE4BD2-7A7E-5147-AAA8-170589510DC9}.Debug|Win32.ActiveCfg = Debug|Win32
		{C6CE4BD2-7A7E-5147-AAA8-170589510DC9}.Debug|Win32.Build.0 = Debug|Win32
		{C6CE4BD2-7A7E-5147-AAA8-170589510DC9}.Debug|x64.ActiveCfg = Debug|x64
		{C6CE4BD2-7A7E-5147-AAA8-170589510DC9}.Debug|x64.Build.0 = Debug|x64
		{4DAFA145-342B-EE45-A83B-103946182DAC}.Release|Win32.ActiveCfg = Release|Win32
		{4DAFA145-342B-EE45-A83B-103946182DAC}.Release|Win32.Build.0 = Release|Win32
		{4DAFA145-342B-EE45-A83B-103946182DAC}.Release|x64.ActiveCfg = Release|x64
		{4DAFA145-342B-EE45-A83B-103946182DAC}.Release|x64.Build.0 = Release|x64
		{4DAFA145-342B-EE45-A83B-103946182DAC}.Debug|Win32.ActiveCfg = Debug|Win32
		{4DAFA145-342B-EE45-A83B-103946182DAC}.Debug|Win32.Build.0 = Debug|Win32
		{4DAFA145-342B-EE45-A83B-103946182DAC}.Debug|x64.ActiveCfg = Debug|x64
		{4DAFA145-342B-EE45-A83B-103946182DAC}.Debug|x64.Build.0 = Debug|x64
		{A8AC52D9-1D64-4C4E-9592-0431980B96D0}.Release|Win32.ActiveCfg = Release|Win32
		{A8AC52D9-1D64-4C4E-9592-0431980B96D0}.Release|Win32.Build.0 = Release|Win32
		{A8AC52D9-1D64-4C4E-9592-0431980B96D0}.Release|x64.ActiveCfg = Release|x64
		{A8AC52D9-1D64-4C4E-9592-0431980B96D0}.Release|x64.Build.0 = Release|x64
		{A8AC52D9-1D64-4C4E-9592-0431980B96D0}.Debug|Win32.ActiveCfg = Debug|Win32
		{A8AC52D9-1D64-4C4E-9592-0431980B96D0}.Debug|Win32.Build.0 = Debug|Win32
		{A8AC52D9-1D64-4C4E-9592-0431980B96D0}.Debug|x64.ActiveCfg = Debug|x64
		{A8AC52D9-1D64-4C4E-9592-0431980B96D0}.Debug|x64.Build.0 = Debug|x64
		{03410378-476B-5D47-A447-B085513D19E7}.Release|Win32.ActiveCfg = Release|Win32
		{03410378-476B-5D47-A447-B085513D19E7}.Release|Win32.Build.0 = Release|Win32
		{03410378-476B-5D47-A447-B085513D19E7}.Release|x64.ActiveCfg = Release|x64
		{03410378-476B-5D47-A447-B085513D19E7}.Release|x64.Build.0 = Release|x64
		{03410378-476B-5D47-A447-B085513D19E7}.Debug|Win32.ActiveCfg = Debug|Win32
		{03410378-476B-5D47-A447-B085513D19E7}.Debug|Win32.Build.0 = Debug|Win32
		{03410378-476B-5D47-A447-B085513D19E7}.Debug|x64.ActiveCfg = Debug|x64
		{03410378-476B-5D47-A447-B085513D19E7}.Debug|x64.Build.0 = Debug|x64
		{8D65135C-E6E8-D240-8AE5-73C7D3DC0078}.Release|Win32.ActiveCfg = Release|Win32
		{8D65135C-E6E8-D240-8AE5-73C7D3DC0078}.Release|Win32.Build.0 = Release|Win32
		{8D65135C-E6E8-D240-8AE5-73C7D3DC0078}.Release|x64.ActiveCfg = Release|x64
		{8D65135C-E6E8-D240-8AE5-73C7D3DC0078}.Release|x64.Build.0 = Release|x64
		{8D65135C-E6E8-D240-8AE5-73C7D3DC0078}.Debug|Win32.ActiveCfg = Debug|Win32
		{8D65135C-E6E8-D240-8AE5-73C7D3DC0078}.Debug|Win32.Build.0 = Debug|Win32
		{8D65135C-E6E8-D240-8AE5-73C7D3DC0078}.Debug|x64.ActiveCfg = Debug|x64
		{8D65135C-E6E8-D240-8AE5-73C7D3DC0078}.Debug|x64.Build.0 = Debug|x64
		{228297C2-F4C8-A44D-A694-6D29FCB25090}.Release|Win32.ActiveCfg = Release|Win32
		{228297C2-F4C8-A44D-A694-6D29FCB25090}.Release|Win32.Build.0 = Release|Win32
		{228297C2-F4C8-A44D-A694-6D29FCB25090}.Release|x64.ActiveCfg = Release|x64
		{228297C2-F4C8-A44D-A694-6D29FCB25090}.Release|x64.Build.0 = Release|x64
		{228297C2-F4C8-A44D-A694-6D29FCB25090}.Debug|Win32.ActiveCfg = Debug|Win32
		{228297C2-F4C8-A44D-A694-6D29FCB25090}.Debug|Win32.Build.0 = Debug|Win32
		{228297C2-F4C8-A44D-A694-6D29FCB25090}.Debug|x64.ActiveCfg = Debug|x64
		{228297C2-F4C8-A44D-A694-6D29FCB25090}.Debug|x64.Build.0 = Debug|x64
		{A703FB21-C7AC-544F-B798-6C294C5D3102}.Release|Win32.ActiveCfg = Release|Win32
		{A703FB21-C7AC-544F-B798-6C294C5D3102}.Release|Win32.Build.0 = Release|Win32
		{A703FB21-C7AC-544F-B798-6C294C5D3102}.Release|x64.ActiveCfg = Release|x64
		{A703FB21-C7AC-544F-B798-6C294C5D3102}.Release|x64.Build.0 = Release|x64
		{A703FB21-C7AC-544F-B798-6C294C5D3102}.Debug|Win32.ActiveCfg = Debug|Win32
		{A703FB21-C7AC-544F-B798-6C294C5D3102}.Debug|Win32.Build.0 = Debug|Win32
		{A703FB21-C7AC-544F-B798-6C294C5D3102}.Debug|x64.ActiveCfg = Debug|x64
		{A703FB21-C7AC-544F-B798-6C294C5D3102}.Debug|x64.Build.0 = Debug|x64
		{5ADC6853-6EB7-3C4A-AF3E-783234CA176D}.Release|Win32.ActiveCfg = Release|Win32
		{5ADC6853-6EB7-3C4A-AF3E-783234CA176D}.Release|Win32.Build.0 = Release|Win32
		{5ADC6853-6EB7-3C4A-AF3E-783234CA176D}.Release|x64.ActiveCfg = Release|x64
		{5ADC6853-6EB7-3C4A-AF3E-783234CA176D}.Release|x64.Build.0 = Release|x64
		{5ADC6853-6EB7-3C4A-AF3E-783234CA176D}.Debug|Win32.ActiveCfg = Debug|Win32
		{5ADC6853-6EB7-3C4A-AF3E-783234CA176D}.Debug|Win32.Build.0 = Debug|Win32
		{5ADC6853-6EB7-3C4A-AF3E-783234CA176D}.Debug|x64.ActiveCfg = Debug|x64
		{5ADC6853-6EB7-3C4A-AF3E-783234CA176D}.Debug|x64.Build.0 = Debug|x64
		{FF8F0FCF-32F6-034B-8A9B-947083374C29}.Release|Win32.ActiveCfg = Release|Win32
		{FF8F0FCF-32F6-034B-8A9B-947083374C29}.Release|Win32.Build.0 = Release|Win32
		{FF8F0FCF-32F6-034B-8A9B-947083374C29}.Release|x64.ActiveCfg = Release|x64
		{FF8F0FCF-32F6-034B-8A9B-947083374C29}.Release|x64.Build.0 = Release|x64
		{FF8F0FCF-32F6-034B-8A9B-947083374C29}.Debug|Win32.ActiveCfg = Debug|Win32
		{FF8F0FCF-32F6-034B-8A9B-947083374C29}.Debug|Win32.Build.0 = Debug|Win32
		{FF8F0FCF-32F6-034B-8A9B-947083374C29}.Debug|x64.ActiveCfg = Debug|x64
		{FF8F0FCF-32F6-034B-8A9B-947083374C29}.Debug|x64.Build.0 = Debug|x64
		{5CA692A7-FDD9-354B-A200-B026525D7E04}.Release|Win32.ActiveCfg = Release|Win32
		{5CA692A7-FDD9-354B-A200-B026525D7E04}.Release|Win32.Build.0 = Release|Win32
		{5CA692A7-FDD9-354B-A200-B026525D7E04}.Release|x64.ActiveCfg = Release|x64
		{5CA692A7-FDD9-354B-A200-B026525D7E04}.Release|x64.Build.0 = Release|x64
		{5CA692A7-FDD9-354B-A200-B026525D7E04}.Debug|Win32.ActiveCfg = Debug|Win32
		{5CA692A7-FDD9-354B-A200-B026525D7E04}.Debug|Win32.Build.0 = Debug|Win32
		{5CA692A7-FDD9-354B-A200-B026525D7E04}.Debug|x64.ActiveCfg = Debug|x64
		{5CA692A7-FDD9-354B-A200-B026525D7E04}.Debug|x64.Build.0 = Debug|x64
		{63E61C95-0AB7-9643-8B02-1E020E97D02D}.Release|Win32.ActiveCfg = Release|Win32
		{63E61C95-0AB7-9643-8B02-1E020E97D02D}.Release|Win32.Build.0 = Release|Win32
		{63E61C95-0AB7-9643-8B02-1E020E97D02D}.Release|x64.ActiveCfg = Release|x64
		{63E61C95-0AB7-9643-8B02-1E020E97D02D}.Release|x64.Build.0 = Release|x64
		{63E61C95-0AB7-9643-8B02-1E020E97D02D}.Debug|Win32.ActiveCfg = Debug|Win32
		{63E61C95-0AB7-9643-8B02-1E020E97D02D}.Debug|Win32.Build.0 = Debug|Win32
		{63E61C95-0AB7-9643-8B02-1E020E97D02D}.Debug|x64.ActiveCfg = Debug|x64
		{63E61C95-0AB7-9643-8B02-1E020E97D02D}.Debug|x64.Build.0 = Debug|x64
		{5C9F52E7-A515-9E43-A573-E9120655A618}.Release|Win32.ActiveCfg = Release|Win32
		{5C9F52E7-A515-9E43-A573-E9120655A618}.Release|Win32.Build.0 = Release|Win32
		{5C9F52E7-A515-9E43-A573-E9120655A618}.Release|x64.ActiveCfg = Release|x64
		{5C9F52E7-A515-9E43-A573-E9120655A618}.Release|x64.Build.0 = Release|x64
		{5C9F52E7-A515-9E43-A573-E9120655A618}.Debug|Win32.ActiveCfg = Debug|Win32
		{5C9F52E7-A515-9E43-A573-E9120655A618}.Debug|Win32.Build.0 = Debug|Win32
		{5C9F52E7-A515-9E43-A573-E9120655A618}.Debug|x64.ActiveCfg = Debug|x64
		{5C9F52E7-A515-9E43-A573-E9120655A618}.Debug|x64.Build.0 = Debug|x64
		{A74C908C-BB96-F349-A475-8F4E51E0D216}.Release|Win32.ActiveCfg = Release|Win32
		{A74C908C-BB96-F349-A475-8F4E51E0D216}.Release|Win32.Build.0 = Release|Win32
		{A74C908C-BB96-F349-A475-8F4E51E0D216}.Release|x64.ActiveCfg = Release|x64
		{A74C908C-BB96-F349-A475-8F4E51E0D216}.Release|x64.Build.0 = Release|x64
		{A74C908C-BB96-F349-A475-8F4E51E0D216}.Debug|Win32.ActiveCfg = Debug|Win32
		{A74C908C-BB96-F349-A475-8F4E51E0D216}.Debug|Win32.Build.0 = Debug|Win32
		{A74C908C-BB96-F349-A475-8F4E51E0D216}.Debug|x64.ActiveCfg = Debug|x64
		{A74C908C-BB96-F349-A475-8F4E51E0D216}.Debug|x64.Build.0 = Debug|x64
		{77B15B02-0708-6647-A98F-2623E60046C1}.Release|Win32.ActiveCfg = Release|Win32
		{77B15B02-0708-6647-A98F-2623E60046C1}.Release|Win32.Build.0 = Release|Win32
		{77B15B02-0708-6647-A98F-2623E60046C1}.Release|x64.ActiveCfg = Release|x64
		{77B15B02-0708-6647-A98F-2623E60046C1}.Release|x64.Build.0 = Release|x64
		{77B15B02-0708-6647-A98F-2623E60046C1}.Debug|Win32.ActiveCfg = Debug|Win32
		{77B15B02-0708-6647-A98F-2623E60046C1}.Debug|Win32.Build.0 = Debug|Win32
		{77B15B02-0708-6647-A98F-2623E60046C1}.Debug|x64.ActiveCfg = Debug|x64
		{77B15B02-0708-6647-A98F-2623E60046C1}.Debug|x64.Build.0 = Debug|x64
		{B52D9B2B-051C-AA4A-A77E-39BF2B71CF8E}.Release|Win32.ActiveCfg = Release|Win32
		{B52D9B2B-051C-AA4A-A77E-39BF2B71CF8E}.Release|Win32.Build.0 = Release|Win32
		{B52D9B2B-051C-AA4A-A77E-39BF2B71CF8E}.Release|x64.ActiveCfg = Release|x64
		{B52D9B2B-051C-AA4A-A77E-39BF2B71CF8E}.Release|x64.Build.0 = Release|x64
		{B52D9B2B-051C-AA4A-A77E-39BF2B71CF8E}.Debug|Win32.ActiveCfg = Debug|Win32
		{B52D9B2B-051C-AA4A-A77E-39BF2B71CF8E}.Debug|Win32.Build.0 = Debug|Win32
		{B52D9B2B-051C-AA4A-A77E-39BF2B71CF8E}.Debug|x64.ActiveCfg = Debug|x64
		{B52D9B2B-051C-AA4A-A77E-39BF2B71CF8E}.Debug|x64.Build.0 = Debug|x64
		{7C945F52-C1E4-124C-8CFF-F1CD5C1F4D8E}.Release|Win32.ActiveCfg = Release|Win32
		{7C945F52-C1E4-124C-8CFF-F1CD5C1F4D8E}.Release|Win32.Build.0 = Release|Win32
		{7C945F52-C1E4-124C-8CFF-F1CD5C1F4D8E}.Release|x64.ActiveCfg = Release|x64
		{7C945F52-C1E4-124C-8CFF-F1CD5C1F4D8E}.Release|x64.Build.0 = Release|x64
		{7C945F52-C1E4-124C-8CFF-F1CD5C1F4D8E}.Debug|Win32.ActiveCfg = Debug|Win32
		{7C945F52-C1E4-124C-8CFF-F1CD5C1F4D8E}.Debug|Win32.Build.0 = Debug|Win32
		{7C945F52-C1E4-124C-8CFF-F1CD5C1F4D8E}.Debug|x64.ActiveCfg = Debug|x64
		{7C945F52-C1E4-124C-8CFF-F1CD5C1F4D8E}.Debug|x64.Build.0 = Debug|x64
		{3F55ADF5-A878-CA43-A341-047E586D4584}.Release|Win32.ActiveCfg = Release|Win32
		{3F55ADF5-A878-CA43-A341-047E586D4584}.Release|Win32.Build.0 = Release|Win32
		{3F55ADF5-A878-CA43-A341-047E586D4584}.Release|x64.ActiveCfg = Release|x64
		{3F55ADF5-A878-CA43-A341-047E586D4584}.Release|x64.Build.0 = Release|x64
		{3F55ADF5-A878-CA43-A341-047E586D4584}.Debug|Win32.ActiveCfg = Debug|Win32
		{3F55ADF5-A878-CA43-A341-047E586D4584}.Debug|Win32.Build.0 = Debug|Win32
		{3F55ADF5-A878-CA43-A341-047E586D4584}.Debug|x64.ActiveCfg = Debug|x64
		{3F55ADF5-A878-CA43-A341-047E586D4584}.Debug|x64.Build.0 = Debug|x64
		{416C46C5-A52E-B94C-92C4-B61FA6777AA9}.Release|Win32.ActiveCfg = Release|Win32
		{416C46C5-A52E-B94C-92C4-B61FA6777AA9}.Release|Win32.Build.0 = Release|Win32
		{416C46C5-A52E-B94C-92C4-B61FA6777AA9}.Release|x64.ActiveCfg = Release|x64
		{416C46C5-A52E-B94C-92C4-B61FA6777AA9}.Release|x64.Build.0 = Release|x64
		{416C46C5-A52E-B94C-92C4-B61FA6777AA9}.Debug|Win32.ActiveCfg = Debug|Win32
		{416C46C5-A52E-B94C-92C4-B61FA6777AA9}.Debug|Win32.Build.0 = Debug|Win32
		{416C46C5-A52E-B94C-92C4-B61FA6777AA9}.Debug|x64.ActiveCfg = Debug|x64
		{416C46C5-A52E-B94C-92C4-B61FA6777AA9}.Debug|x64.Build.0 = Debug|x64
		{2D8419C7-B9F8-A248-946D-DB78204364BE}.Release|Win32.ActiveCfg = Release|Win32
		{2D8419C7-B9F8-A248-946D-DB78204364BE}.Release|Win32.Build.0 = Release|Win32
		{2D8419C7-B9F8-A248-946D-DB78204364BE}.Release|x64.ActiveCfg = Release|x64
		{2D8419C7-B9F8-A248-946D-DB78204364BE}.Release|x64.Build.0 = Release|x64
		{2D8419C7-B9F8-A248-946D-DB78204364BE}.Debug|Win32.ActiveCfg = Debug|Win32
		{2D8419C7-B9F8-A248-946D-DB78204364BE}.Debug|Win32.Build.0 = Debug|Win32
		{2D8419C7-B9F8-A248-946D-DB78204364BE}.Debug|x64.ActiveCfg = Debug|x64
		{2D8419C7-B9F8-A248-946D-DB78204364BE}.Debug|x64.Build.0 = Debug|x64
		{BAA5AB6D-88F6-7D4C-A75C-12629A12AFE2}.Release|Win32.ActiveCfg = Release|Win32
		{BAA5AB6D-88F6-7D4C-A75C-12629A12AFE2}.Release|Win32.Build.0 = Release|Win32
		{BAA5AB6D-88F6-7D4C-A75C-12629A12AFE2}.Release|x64.ActiveCfg = Release|x64
		{BAA5AB6D-88F6-7D4C-A75C-12629A12AFE2}.Release|x64.Build.0 = Release|x64
		{BAA5AB6D-88F6-7D4C-A75C-12629A12AFE2}.Debug|Win32.ActiveCfg = Debug|Win32
		{BAA5AB6D-88F6-7D4C-A75C-12629A12AFE2}.Debug|Win32.Build.0 = Debug|Win32
		{BAA5AB6D-88F6-7D4C-A75C-12629A12AFE2}.Debug|x64.ActiveCfg = Debug|x64
		{BAA5AB6D-88F6-7D4C-A75C-12629A12AFE2}.Debug|x64.Build.0 = Debug|x64
		{774EC233-0954-3C43-82FA-95F510B8EA0C}.Release|Win32.ActiveCfg = Release|Win32
		{774EC233-0954-3C43-82FA-95F510B8EA0C}.Release|Win32.Build.0 = Release|Win32
		{774EC233-0954-3C43-82FA-95F510B8EA0C}.Release|x64.ActiveCfg = Release|x64
		{774EC233-0954-3C43-82FA-95F510B8EA0C}.Release|x64.Build.0 = Release|x64
		{774EC233-0954-3C43-82FA-95F510B8EA0C}.Debug|Win32.ActiveCfg = Debug|Win32
		{774EC233-0954-3C43-82FA-95F510B8EA0C}.Debug|Win32.Build.0 = Debug|Win32
		{774EC233-0954-3C43-82FA-95F510B8EA0C}.Debug|x64.ActiveCfg = Debug|x64
		{774EC233-0954-3C43-82FA-95F510B8EA0C}.Debug|x64.Build.0 = Debug|x64
		{297E83A0-D0B2-7A48-A8E5-B99A0E0E3C05}.Release|Win32.ActiveCfg = Release|Win32
		{297E83A0-D0B2-7A48-A8E5-B99A0E0E3C05}.Release|Win32.Build.0 = Release|Win32
		{297E83A0-D0B2-7A48-A8E5-B99A0E0E3C05}.Release|x64.ActiveCfg = Release|x64
		{297E83A0-D0B2-7A48-A8E5-B99A0E0E3C05}.Release|x64.Build.0 = Release|x64
		{297E83A0-D0B2-7A48-A8E5-B99A0E0E3C05}.Debug|Win32.ActiveCfg = Debug|Win32
		{297E83A0-D0B2-7A48-A8E5-B99A0E0E3C05}.Debug|Win32.Build.0 = Debug|Win32
		{297E83A0-D0B2-7A48-A8E5-B99A0E0E3C05}.Debug|x64.ActiveCfg = Debug|x64
		{297E83A0-D0B2-7A48-A8E5-B99A0E0E3C05}.Debug|x64.Build.0 = Debug|x64
		{974921E0-ABCF-374F-AE0D-8C7FA00A4569}.Release|Win32.ActiveCfg = Release|Win32
		{974921E0-ABCF-374F-AE0D-8C7FA00A4569}.Release|Win32.Build.0 = Release|Win32
		{974921E0-ABCF-374F-AE0D-8C7FA00A4569}.Release|x64.ActiveCfg = Release|x64
		{974921E0-ABCF-374F-AE0D-8C7FA00A4569}.Release|x64.Build.0 = Release|x64
		{974921E0-ABCF-374F-AE0D-8C7FA00A4569}.Debug|Win32.ActiveCfg = Debug|Win32
		{974921E0-ABCF-374F-AE0D-8C7FA00A4569}.Debug|Win32.Build.0 = Debug|Win32
		{974921E0-ABCF-374F-AE0D-8C7FA00A4569}.Debug|x64.ActiveCfg = Debug|x64
		{974921E0-ABCF-374F-AE0D-8C7FA00A4569}.Debug|x64.Build.0 = Debug|x64
		{E9DDBA5C-57C7-354F-BE95-4EAB505F4F3E}.Release|Win32.ActiveCfg = Release|Win32
		{E9DDBA5C-57C7-354F-BE95-4EAB505F4F3E}.Release|Win32.Build.0 = Release|Win32
		{E9DDBA5C-57C7-354F-BE95-4EAB505F4F3E}.Release|x64.ActiveCfg = Release|x64
		{E9DDBA5C-57C7-354F-BE95-4EAB505F4F3E}.Release|x64.Build.0 = Release|x64
		{E9DDBA5C-57C7-354F-BE95-4EAB505F4F3E}.Debug|Win32.ActiveCfg = Debug|Win32
		{E9DDBA5C-57C7-354F-BE95-4EAB505F4F3E}.Debug|Win32.Build.0 = Debug|Win32
		{E9DDBA5C-57C7-354F-BE95-4EAB505F4F3E}.Debug|x64.ActiveCfg = Debug|x64
		{E9DDBA5C-57C7-354F-BE95-4EAB505F4F3E}.Debug|x64.Build.0 = Debug|x64
		{76CAFE01-6F77-0C43-9DFC-1BD2548DD0DA}.Release|Win32.ActiveCfg = Release|Win32
		{76CAFE01-6F77-0C43-9DFC-1BD2548DD0DA}.Release|Win32.Build.0 = Release|Win32
		{76CAFE01-6F77-0C43-9DFC-1BD2548DD0DA}.Release|x64.ActiveCfg = Release|x64
		{76CAFE01-6F77-0C43-9DFC-1BD2548DD0DA}.Release|x64.Build.0 = Release|x64
		{76CAFE01-6F77-0C43-9DFC-1BD2548DD0DA}.Debug|Win32.ActiveCfg = Debug|Win32
		{76CAFE01-6F77-0C43-9DFC-1BD2548DD0DA}.Debug|Win32.Build.0 = Debug|Win32
		{76CAFE01-6F77-0C43-9DFC-1BD2548DD0DA}.Debug|x64.ActiveCfg = Debug|x64
		{76CAFE01-6F77-0C43-9DFC-1BD2548DD0DA}.Debug|x64.Build.0 = Debug|x64
		{B6579FB8-7626-A445-9ECC-535F26D23305}.Release|Win32.ActiveCfg = Release|Win32
		{B6579FB8-7626-A445-9ECC-535F26D23305}.Release|Win32.Build.0 = Release|Win32
		{B6579FB8-7626-A445-9ECC-535F26D23305}.Release|x64.ActiveCfg = Release|x64
		{B6579FB8-7626-A445-9ECC-535F26D23305}.Release|x64.Build.0 = Release|x64
		{B6579FB8-7626-A445-9ECC-535F26D23305}.Debug|Win32.ActiveCfg = Debug|Win32
		{B6579FB8-7626-A445-9ECC-535F26D23305}.Debug|Win32.Build.0 = Debug|Win32
		{B6579FB8-7626-A445-9ECC-535F26D23305}.Debug|x64.ActiveCfg = Debug|x64
		{B6579FB8-7626-A445-9ECC-535F26D23305}.Debug|x64.Build.0 = Debug|x64
		{C584514E-028E-A445-8764-1BCC7131C8F6}.Release|Win32.ActiveCfg = Release|Win32
		{C584514E-028E-A445-8764-1BCC7131C8F6}.Release|Win32.Build.0 = Release|Win32
		{C584514E-028E-A445-8764-1BCC7131C8F6}.Release|x64.ActiveCfg = Release|x64
		{C584514E-028E-A445-8764-1BCC7131C8F6}.Release|x64.Build.0 = Release|x64
		{C584514E-028E-A445-8764-1BCC7131C8F6}.Debug|Win32.ActiveCfg = Debug|Win32
		{C584514E-028E-A445-8764-1BCC7131C8F6}.Debug|Win32.Build.0 = Debug|Win32
		{C584514E-028E-A445-8764-1BCC7131C8F6}.Debug|x64.ActiveCfg = Debug|x64
		{C584514E-028E-A445-8764-1BCC7131C8F6}.Debug|x64.Build.0 = Debug|x64
		{A91252E3-4FF5-FA44-ABF0-3B93E1217C3F}.Release|Win32.ActiveCfg = Release|Win32
		{A91252E3-4FF5-FA44-ABF0-3B93E1217C3F}.Release|Win32.Build.0 = Release|Win32
		{A91252E3-4FF5-FA44-ABF0-3B93E1217C3F}.Release|x64.ActiveCfg = Release|x64
		{A91252E3-4FF5-FA44-ABF0-3B93E1217C3F}.Release|x64.Build.0 = Release|x64
		{A91252E3-4FF5-FA44-ABF0-3B93E1217C3F}.Debug|Win32.ActiveCfg = Debug|Win32
		{A91252E3-4FF5-FA44-ABF0-3B93E1217C3F}.Debug|Win32.Build.0 = Debug|Win32
		{A91252E3-4FF5-FA44-ABF0-3B93E1217C3F}.Debug|x64.ActiveCfg = Debug|x64
		{A91252E3-4FF5-FA44-ABF0-3B93E1217C3F}.Debug|x64.Build.0 = Debug|x64
		{78F07598-E85B-144C-A286-1FCE60BF32DB}.Release|Win32.ActiveCfg = Release|Win32
		{78F07598-E85B-144C-A286-1FCE60BF32DB}.Release|Win32.Build.0 = Release|Win32
		{78F07598-E85B-144C-A286-1FCE60BF32DB}.Release|x64.ActiveCfg = Release|x64
		{78F07598-E85B-144C-A286-1FCE60BF32DB}.Release|x64.Build.0 = Release|x64
		{78F07598-E85B-144C-A286-1FCE60BF32DB}.Debug|Win32.ActiveCfg = Debug|Win32
		{78F07598-E85B-144C-A286-1FCE60BF32DB}.Debug|Win32.Build.0 = Debug|Win32
		{78F07598-E85B-144C-A286-1FCE60BF32DB}.Debug|x64.ActiveCfg = Debug|x64
		{78F07598-E85B-144C-A286-1FCE60BF32DB}.Debug|x64.Build.0 = Debug|x64
		{0865AD35-BFA7-8749-B8B4-27048404E57C}.Release|Win32.ActiveCfg = Release|Win32
		{0865AD35-BFA7-8749-B8B4-27048404E57C}.Release|Win32.Build.0 = Release|Win32
		{0865AD35-BFA7-8749-B8B4-27048404E57C}.Release|x64.ActiveCfg = Release|x64
		{0865AD35-BFA7-8749-B8B4-27048404E57C}.Release|x64.Build.0 = Release|x64
		{0865AD35-BFA7-8749-B8B4-27048404E57C}.Debug|Win32.ActiveCfg = Debug|Win32
		{0865AD35-BFA7-8749-B8B4-27048404E57C}.Debug|Win32.Build.0 = Debug|Win32
		{0865AD35-BFA7-8749-B8B4-27048404E57C}.Debug|x64.ActiveCfg = Debug|x64
		{0865AD35-BFA7-8749-B8B4-27048404E57C}.Debug|x64.Build.0 = Debug|x64
		{17EA2E26-B17B-A64E-9633-EC657D231CB0}.Release|Win32.ActiveCfg = Release|Win32
		{17EA2E26-B17B-A64E-9633-EC657D231CB0}.Release|Win32.Build.0 = Release|Win32
		{17EA2E26-B17B-A64E-9633-EC657D231CB0}.Release|x64.ActiveCfg = Release|x64
		{17EA2E26-B17B-A64E-9633-EC657D231CB0}.Release|x64.Build.0 = Release|x64
		{17EA2E26-B17B-A64E-9633-EC657D231CB0}.Debug|Win32.ActiveCfg = Debug|Win32
		{17EA2E26-B17B-A64E-9633-EC657D231CB0}.Debug|Win32.Build.0 = Debug|Win32
		{17EA2E26-B17B-A64E-9633-EC657D231CB0}.Debug|x64.ActiveCfg = Debug|x64
		{17EA2E26-B17B-A64E-9633-EC657D231CB0}.Debug|x64.Build.0 = Debug|x64
		{42B1A86A-1AC0-844B-8B99-5686F132A10D}.Release|Win32.ActiveCfg = Release|Win32
		{42B1A86A-1AC0-844B-8B99-5686F132A10D}.Release|Win32.Build.0 = Release|Win32
		{42B1A86A-1AC0-844B-8B99-5686F132A10D}.Release|x64.ActiveCfg = Release|x64
		{42B1A86A-1AC0-844B-8B99-5686F132A10D}.Release|x64.Build.0 = Release|x64
		{42B1A86A-1AC0-844B-8B99-5686F132A10D}.Debug|Win32.ActiveCfg = Debug|Win32
		{42B1A86A-1AC0-844B-8B99-5686F132A10D}.Debug|Win32.Build.0 = Debug|Win32
		{42B1A86A-1AC0-844B-8B99-5686F132A10D}.Debug|x64.ActiveCfg = Debug|x64
		{42B1A86A-1AC0-844B-8B99-5686F132A10D}.Debug|x64.Build.0 = Debug|x64
		{90E30182-FD1F-9B4F-A300-20EEE4794CEE}.Release|Win32.ActiveCfg = Release|Win32
		{90E30182-FD1F-9B4F-A300-20EEE4794CEE}.Release|Win32.Build.0 = Release|Win32
		{90E30182-FD1F-9B4F-A300-20EEE4794CEE}.Release|x64.ActiveCfg = Release|x64
		{90E30182-FD1F-9B4F-A300-20EEE4794CEE}.Release|x64.Build.0 = Release|x64
		{90E30182-FD1F-9B4F-A300-20EEE4794CEE}.Debug|Win32.ActiveCfg = Debug|Win32
		{90E30182-FD1F-9B4F-A300-20EEE4794CEE}.Debug|Win32.Build.0 = Debug|Win32
		{90E30182-FD1F-9B4F-A300-20EEE4794CEE}.Debug|x64.ActiveCfg = Debug|x64
		{90E30182-FD1F-9B4F-A300-20EEE4794CEE}.Debug|x64.Build.0 = Debug|x64
		{6ADCD091-D16E-1E45-9F38-5474AC656DB3}.Release|Win32.ActiveCfg = Release|Win32
		{6ADCD091-D16E-1E45-9F38-5474AC656DB3}.Release|Win32.Build.0 = Release|Win32
		{6ADCD091-D16E-1E45-9F38-5474AC656DB3}.Release|x64.ActiveCfg = Release|x64
		{6ADCD091-D16E-1E45-9F38-5474AC656DB3}.Release|x64.Build.0 = Release|x64
		{6ADCD091-D16E-1E45-9F38-5474AC656DB3}.Debug|Win32.ActiveCfg = Debug|Win32
		{6ADCD091-D16E-1E45-9F38-5474AC656DB3}.Debug|Win32.Build.0 = Debug|Win32
		{6ADCD091-D16E-1E45-9F38-5474AC656DB3}.Debug|x64.ActiveCfg = Debug|x64
		{6ADCD091-D16E-1E45-9F38-5474AC656DB3}.Debug|x64.Build.0 = Debug|x64
		{88774922-2BA3-174A-AA94-4E7C97A28C1E}.Release|Win32.ActiveCfg = Release|Win32
		{88774922-2BA3-174A-AA94-4E7C97A28C1E}.Release|Win32.Build.0 = Release|Win32
		{88774922-2BA3-174A-AA94-4E7C97A28C1E}.Release|x64.ActiveCfg = Release|x64
		{88774922-2BA3-174A-AA94-4E7C97A28C1E}.Release|x64.Build.0 = Release|x64
		{88774922-2BA3-174A-AA94-4E7C97A28C1E}.Debug|Win32.ActiveCfg = Debug|Win32
		{88774922-2BA3-174A-AA94-4E7C97A28C1E}.Debug|Win32.Build.0 = Debug|Win32
		{88774922-2BA3-174A-AA94-4E7C97A28C1E}.Debug|x64.ActiveCfg = Debug|x64
		{88774922-2BA3-174A-AA94-4E7C97A28C1E}.Debug|x64.Build.0 = Debug|x64
		{9BEE9F93-CA6C-8C4A-A5F2-8C1E419DBB10}.Release|Win32.ActiveCfg = Release|Win32
		{9BEE9F93-CA6C-8C4A-A5F2-8C1E419DBB10}.Release|Win32.Build.0 = Release|Win32
		{9BEE9F93-CA6C-8C4A-A5F2-8C1E419DBB10}.Release|x64.ActiveCfg = Release|x64
		{9BEE9F93-CA6C-8C4A-A5F2-8C1E419DBB10}.Release|x64.Build.0 = Release|x64
		{9BEE9F93-CA6C-8C4A-A5F2-8C1E419DBB10}.Debug|Win32.ActiveCfg = Debug|Win32
		{9BEE9F93-CA6C-8C4A-A5F2-8C1E419DBB10}.Debug|Win32.Build.0 = Debug|Win32
		{9BEE9F93-CA6C-8C4A-A5F2-8C1E419DBB10}.Debug|x64.ActiveCfg = Debug|x64
		{9BEE9F93-CA6C-8C4A-A5F2-8C1E419DBB10}.Debug|x64.Build.0 = Debug|x64
		{63E0D012-421F-EF4F-99D3-BC109B373A37}.Release|Win32.ActiveCfg = Release|Win32
		{63E0D012-421F-EF4F-99D3-BC109B373A37}.Release|Win32.Build.0 = Release|Win32
		{63E0D012-421F-EF4F-99D3-BC109B373A37}.Release|x64.ActiveCfg = Release|x64
		{63E0D012-421F-EF4F-99D3-BC109B373A37}.Release|x64.Build.0 = Release|x64
		{63E0D012-421F-EF4F-99D3-BC109B373A37}.Debug|Win32.ActiveCfg = Debug|Win32
		{63E0D012-421F-EF4F-99D3-BC109B373A37}.Debug|Win32.Build.0 = Debug|Win32
		{63E0D012-421F-EF4F-99D3-BC109B373A37}.Debug|x64.ActiveCfg = Debug|x64
		{63E0D012-421F-EF4F-99D3-BC109B373A37}.Debug|x64.Build.0 = Debug|x64
		{17401725-5875-1A4A-BB5D-D0F386BFB11A}.Release|Win32.ActiveCfg = Release|Win32
		{17401725-5875-1A4A-BB5D-D0F386BFB11A}.Release|Win32.Build.0 = Release|Win32
		{17401725-5875-1A4A-BB5D-D0F386BFB11A}.Release|x64.ActiveCfg = Release|x64
		{17401725-5875-1A4A-BB5D-D0F386BFB11A}.Release|x64.Build.0 = Release|x64
		{17401725-5875-1A4A-BB5D-D0F386BFB11A}.Debug|Win32.ActiveCfg = Debug|Win32
		{17401725-5875-1A4A-BB5D-D0F386BFB11A}.Debug|Win32.Build.0 = Debug|Win32
		{17401725-5875-1A4A-BB5D-D0F386BFB11A}.Debug|x64.ActiveCfg = Debug|x64
		{17401725-5875-1A4A-BB5D-D0F386BFB11A}.Debug|x64.Build.0 = Debug|x64
		{928F6563-A9E3-A94B-923E-F8DCCC5908A6}.Release|Win32.ActiveCfg = Release|Win32
		{928F6563-A9E3-A94B-923E-F8DCCC5908A6}.Release|Win32.Build.0 = Release|Win32
		{928F6563-A9E3-A94B-923E-F8DCCC5908A6}.Release|x64.ActiveCfg = Release|x64
		{928F6563-A9E3-A94B-923E-F8DCCC5908A6}.Release|x64.Build.0 = Release|x64
		{928F6563-A9E3-A94B-923E-F8DCCC5908A6}.Debug|Win32.ActiveCfg = Debug|Win32
		{928F6563-A9E3-A94B-923E-F8DCCC5908A6}.Debug|Win32.Build.0 = Debug|Win32
		{928F6563-A9E3-A94B-923E-F8DCCC5908A6}.Debug|x64.ActiveCfg = Debug|x64
		{928F6563-A9E3-A94B-923E-F8DCCC5908A6}.Debug|x64.Build.0 = Debug|x64
		{E5E469FB-E327-DB4D-A50A-E9EE9EB2437F}.Release|Win32.ActiveCfg = Release|Win32
		{E5E469FB-E327-DB4D-A50A-E9EE9EB2437F}.Release|Win32.Build.0 = Release|Win32
		{E5E469FB-E327-DB4D-A50A-E9EE9EB2437F}.Release|x64.ActiveCfg = Release|x64
		{E5E469FB-E327-DB4D-A50A-E9EE9EB2437F}.Release|x64.Build.0 = Release|x64
		{E5E469FB-E327-DB4D-A50A-E9EE9EB2437F}.Debug|Win32.ActiveCfg = Debug|Win32
		{E5E469FB-E327-DB4D-A50A-E9EE9EB2437F}.Debug|Win32.Build.0 = Debug|Win32
		{E5E469FB-E327-DB4D-A50A-E9EE9EB2437F}.Debug|x64.ActiveCfg = Debug|x64
		{E5E469FB-E327-DB4D-A50A-E9EE9EB2437F}.Debug|x64.Build.0 = Debug|x64
		{0E385988-C4B4-8E4D-BC76-1D8FF7514D4E}.Release|Win32.ActiveCfg = Release|Win32
		{0E385988-C4B4-8E4D-BC76-1D8FF7514D4E}.Release|Win32.Build.0 = Release|Win32
		{0E385988-C4B4-8E4D-BC76-1D8FF7514D4E}.Release|x64.ActiveCfg = Release|x64
		{0E385988-C4B4-8E4D-BC76-1D8FF7514D4E}.Release|x64.Build.0 = Release|x64
		{0E385988-C4B4-8E4D-BC76-1D8FF7514D4E}.Debug|Win32.ActiveCfg = Debug|Win32
		{0E385988-C4B4-8E4D-BC76-1D8FF7514D4E}.Debug|Win32.Build.0 = Debug|Win32
		{0E385988-C4B4-8E4D-BC76-1D8FF7514D4E}.Debug|x64.ActiveCfg = Debug|x64
		{0E385988-C4B4-8E4D-BC76-1D8FF7514D4E}.Debug|x64.Build.0 = Debug|x64
		{6A8D1D33-1695-E942-A407-5BB693836012}.Release|Win32.ActiveCfg = Release|Win32
		{6A8D1D33-1695-E942-A407-5BB693836012}.Release|Win32.Build.0 = Release|Win32
		{6A8D1D33-1695-E942-A407-5BB693836012}.Release|x64.ActiveCfg = Release|x64
		{6A8D1D33-1695-E942-A407-5BB693836012}.Release|x64.Build.0 = Release|x64
		{6A8D1D33-1695-E942-A407-5BB693836012}.Debug|Win32.ActiveCfg = Debug|Win32
		{6A8D1D33-1695-E942-A407-5BB693836012}.Debug|Win32.Build.0 = Debug|Win32
		{6A8D1D33-1695-E942-A407-5BB693836012}.Debug|x64.ActiveCfg = Debug|x64
		{6A8D1D33-1695-E942-A407-5BB693836012}.Debug|x64.Build.0 = Debug|x64
		{241ED8F5-A306-9E43-8DFE-DAB01A9BEF15}.Release|Win32.ActiveCfg = Release|Win32
		{241ED8F5-A306-9E43-8DFE-DAB01A9BEF15}.Release|Win32.Build.0 = Release|Win32
		{241ED8F5-A306-9E43-8DFE-DAB01A9BEF15}.Release|x64.ActiveCfg = Release|x64
		{241ED8F5-A306-9E43-8DFE-DAB01A9BEF15}.Release|x64.Build.0 = Release|x64
		{241ED8F5-A306-9E43-8DFE-DAB01A9BEF15}.Debug|Win32.ActiveCfg = Debug|Win32
		{241ED8F5-A306-9E43-8DFE-DAB01A9BEF15}.Debug|Win32.Build.0 = Debug|Win32
		{241ED8F5-A306-9E43-8DFE-DAB01A9BEF15}.Debug|x64.ActiveCfg = Debug|x64
		{241ED8F5-A306-9E43-8DFE-DAB01A9BEF15}.Debug|x64.Build.0 = Debug|x64
		{81E028EF-A600-034A-B5A5-94B47D0D3D5D}.Release|Win32.ActiveCfg = Release|Win32
		{81E028EF-A600-034A-B5A5-94B47D0D3D5D}.Release|Win32.Build.0 = Release|Win32
		{81E028EF-A600-034A-B5A5-94B47D0D3D5D}.Release|x64.ActiveCfg = Release|x64
		{81E028EF-A600-034A-B5A5-94B47D0D3D5D}.Release|x64.Build.0 = Release|x64
		{81E028EF-A600-034A-B5A5-94B47D0D3D5D}.Debug|Win32.ActiveCfg = Debug|Win32
		{81E028EF-A600-034A-B5A5-94B47D0D3D5D}.Debug|Win32.Build.0 = Debug|Win32
		{81E028EF-A600-034A-B5A5-94B47D0D3D5D}.Debug|x64.ActiveCfg = Debug|x64
		{81E028EF-A600-034A-B5A5-94B47D0D3D5D}.Debug|x64.Build.0 = Debug|x64
		{CB438EE7-1C39-4444-8818-5ED1ABB54614}.Release|Win32.ActiveCfg = Release|Win32
		{CB438EE7-1C39-4444-8818-5ED1ABB54614}.Release|Win32.Build.0 = Release|Win32
		{CB438EE7-1C39-4444-8818-5ED1ABB54614}.Release|x64.ActiveCfg = Release|x64
		{CB438EE7-1C39-4444-8818-5ED1ABB54614}.Release|x64.Build.0 = Release|x64
		{CB438EE7-1C39-4444-8818-5ED1ABB54614}.Debug|Win32.ActiveCfg = Debug|Win32
		{CB438EE7-1C39-4444-8818-5ED1ABB54614}.Debug|Win32.Build.0 = Debug|Win32
		{CB438EE7-1C39-4444-8818-5ED1ABB54614}.Debug|x64.ActiveCfg = Debug|x64
		{CB438EE7-1C39-4444-8818-5ED1ABB54614}.Debug|x64.Build.0 = Debug|x64
		{0B5A0BD9-0EA9-F146-BDC3-FB52E7A83E1C}.Release|Win32.ActiveCfg = Release|Win32
		{0B5A0BD9-0EA9-F146-BDC3-FB52E7A83E1C}.Release|Win32.Build.0 = Release|Win32
		{0B5A0BD9-0EA9-F146-BDC3-FB52E7A83E1C}.Release|x64.ActiveCfg = Release|x64
		{0B5A0BD9-0EA9-F146-BDC3-FB52E7A83E1C}.Release|x64.Build.0 = Release|x64
		{0B5A0BD9-0EA9-F146-BDC3-FB52E7A83E1C}.Debug|Win32.ActiveCfg = Debug|Win32
		{0B5A0BD9-0EA9-F146-BDC3-FB52E7A83E1C}.Debug|Win32.Build.0 = Debug|Win32
		{0B5A0BD9-0EA9-F146-BDC3-FB52E7A83E1C}.Debug|x64.ActiveCfg = Debug|x64
		{0B5A0BD9-0EA9-F146-BDC3-FB52E7A83E1C}.Debug|x64.Build.0 = Debug|x64
		{51F0AD93-388F-C64D-86FE-8350A7E2C0A5}.Release|Win32.ActiveCfg = Release|Win32
		{51F0AD93-388F-C64D-86FE-8350A7E2C0A5}.Release|Win32.Build.0 = Release|Win32
		{51F0AD93-388F-C64D-86FE-8350A7E2C0A5}.Release|x64.ActiveCfg = Release|x64
		{51F0AD93-388F-C64D-86FE-8350A7E2C0A5}.Release|x64.Build.0 = Release|x64
		{51F0AD93-388F-C64D-86FE-8350A7E2C0A5}.Debug|Win32.ActiveCfg = Debug|Win32
		{51F0AD93-388F-C64D-86FE-8350A7E2C0A5}.Debug|Win32.Build.0 = Debug|Win32
		{51F0AD93-388F-C64D-86FE-8350A7E2C0A5}.Debug|x64.ActiveCfg = Debug|x64
		{51F0AD93-388F-C64D-86FE-8350A7E2C0A5}.Debug|x64.Build.0 = Debug|x64
		{623F546F-AE87-5F4B-92E3-445FA82DAB8C}.Release|Win32.ActiveCfg = Release|Win32
		{623F546F-AE87-5F4B-92E3-445FA82DAB8C}.Release|Win32.Build.0 = Release|Win32
		{623F546F-AE87-5F4B-92E3-445FA82DAB8C}.Release|x64.ActiveCfg = Release|x64
		{623F546F-AE87-5F4B-92E3-445FA82DAB8C}.Release|x64.Build.0 = Release|x64
		{623F546F-AE87-5F4B-92E3-445FA82DAB8C}.Debug|Win32.ActiveCfg = Debug|Win32
		{623F546F-AE87-5F4B-92E3-445FA82DAB8C}.Debug|Win32.Build.0 = Debug|Win32
		{623F546F-AE87-5F4B-92E3-445FA82DAB8C}.Debug|x64.ActiveCfg = Debug|x64
		{623F546F-AE87-5F4B-92E3-445FA82DAB8C}.Debug|x64.Build.0 = Debug|x64
		{0A08842B-F9E4-7D42-AA54-FF8F78C9339B}.Release|Win32.ActiveCfg = Release|Win32
		{0A08842B-F9E4-7D42-AA54-FF8F78C9339B}.Release|Win32.Build.0 = Release|Win32
		{0A08842B-F9E4-7D42-AA54-FF8F78C9339B}.Release|x64.ActiveCfg = Release|x64
		{0A08842B-F9E4-7D42-AA54-FF8F78C9339B}.Release|x64.Build.0 = Release|x64
		{0A08842B-F9E4-7D42-AA54-FF8F78C9339B}.Debug|Win32.ActiveCfg = Debug|Win32
		{0A08842B-F9E4-7D42-AA54-FF8F78C9339B}.Debug|Win32.Build.0 = Debug|Win32
		{0A08842B-F9E4-7D42-AA54-FF8F78C9339B}.Debug|x64.ActiveCfg = Debug|x64
		{0A08842B-F9E4-7D42-AA54-FF8F78C9339B}.Debug|x64.Build.0 = Debug|x64
		{C6A1558E-F223-2540-949B-EC54BF62AC89}.Release|Win32.ActiveCfg = Release|Win32
		{C6A1558E-F223-2540-949B-EC54BF62AC89}.Release|Win32.Build.0 = Release|Win32
		{C6A1558E-F223-2540-949B-EC54BF62AC89}.Release|x64.ActiveCfg = Release|x64
		{C6A1558E-F223-2540-949B-EC54BF62AC89}.Release|x64.Build.0 = Release|x64
		{C6A1558E-F223-2540-949B-EC54BF62AC89}.Debug|Win32.ActiveCfg = Debug|Win32
		{C6A1558E-F223-2540-949B-EC54BF62AC89}.Debug|Win32.Build.0 = Debug|Win32
		{C6A1558E-F223-2540-949B-EC54BF62AC89}.Debug|x64.ActiveCfg = Debug|x64
		{C6A1558E-F223-2540-949B-EC54BF62AC89}.Debug|x64.Build.0 = Debug|x64
		{913EC239-4185-F849-872C-2BF8AA28EB05}.Release|Win32.ActiveCfg = Release|Win32
		{913EC239-4185-F849-872C-2BF8AA28EB05}.Release|Win32.Build.0 = Release|Win32
		{913EC239-4185-F849-872C-2BF8AA28EB05}.Release|x64.ActiveCfg = Release|x64
		{913EC239-4185-F849-872C-2BF8AA28EB05}.Release|x64.Build.0 = Release|x64
		{913EC239-4185-F849-872C-2BF8AA28EB05}.Debug|Win32.ActiveCfg = Debug|Win32
		{913EC239-4185-F849-872C-2BF8AA28EB05}.Debug|Win32.Build.0 = Debug|Win32
		{913EC239-4185-F849-872C-2BF8AA28EB05}.Debug|x64.ActiveCfg = Debug|x64
		{913EC239-4185-F849-872C-2BF8AA28EB05}.Debug|x64.Build.0 = Debug|x64
		{00417744-6FD0-D648-A390-305AA4F43B79}.Release|Win32.ActiveCfg = Release|Win32
		{00417744-6FD0-D648-A390-305AA4F43B79}.Release|Win32.Build.0 = Release|Win32
		{00417744-6FD0-D648-A390-305AA4F43B79}.Release|x64.ActiveCfg = Release|x64
		{00417744-6FD0-D648-A390-305AA4F43B79}.Release|x64.Build.0 = Release|x64
		{00417744-6FD0-D648-A390-305AA4F43B79}.Debug|Win32.ActiveCfg = Debug|Win32
		{00417744-6FD0-D648-A390-305AA4F43B79}.Debug|Win32.Build.0 = Debug|Win32
		{00417744-6FD0-D648-A390-305AA4F43B79}.Debug|x64.ActiveCfg = Debug|x64
		{00417744-6FD0-D648-A390-305AA4F43B79}.Debug|x64.Build.0 = Debug|x64
		{3C04BB5D-F53A-944C-9F66-B065FB2A9E91}.Release|Win32.ActiveCfg = Release|Win32
		{3C04BB5D-F53A-944C-9F66-B065FB2A9E91}.Release|Win32.Build.0 = Release|Win32
		{3C04BB5D-F53A-944C-9F66-B065FB2A9E91}.Release|x64.ActiveCfg = Release|x64
		{3C04BB5D-F53A-944C-9F66-B065FB2A9E91}.Release|x64.Build.0 = Release|x64
		{3C04BB5D-F53A-944C-9F66-B065FB2A9E91}.Debug|Win32.ActiveCfg = Debug|Win32
		{3C04BB5D-F53A-944C-9F66-B065FB2A9E91}.Debug|Win32.Build.0 = Debug|Win32
		{3C04BB5D-F53A-944C-9F66-B065FB2A9E91}.Debug|x64.ActiveCfg = Debug|x64
		{3C04BB5D-F53A-944C-9F66-B065FB2A9E91}.Debug|x64.Build.0 = Debug|x64
		{014DB158-936B-CE4B-9964-D3F4C79C4A0E}.Release|Win32.ActiveCfg = Release|Win32
		{014DB158-936B-CE4B-9964-D3F4C79C4A0E}.Release|Win32.Build.0 = Release|Win32
		{014DB158-936B-CE4B-9964-D3F4C79C4A0E}.Release|x64.ActiveCfg = Release|x64
		{014DB158-936B-CE4B-9964-D3F4C79C4A0E}.Release|x64.Build.0 = Release|x64
		{014DB158-936B-CE4B-9964-D3F4C79C4A0E}.Debug|Win32.ActiveCfg = Debug|Win32
		{014DB158-936B-CE4B-9964-D3F4C79C4A0E}.Debug|Win32.Build.0 = Debug|Win32
		{014DB158-936B-CE4B-9964-D3F4C79C4A0E}.Debug|x64.ActiveCfg = Debug|x64
		{014DB158-936B-CE4B-9964-D3F4C79C4A0E}.Debug|x64.Build.0 = Debug|x64
	EndGlobalSection
	GlobalSection(SolutionProperties) = preSolution
		HideSolutionNode = FALSE
	EndGlobalSection
EndGlobal
