<?xml version="1.0" encoding="utf-8"?>
<Project ToolsVersion="4.0" xmlns="http://schemas.microsoft.com/developer/msbuild/2003">
  <ItemGroup>
    <Filter Include="examples">
      <UniqueIdentifier>{7DD0D4E9-9C39-7C43-91DF-F92FCEB7E9B6}</UniqueIdentifier>
    </Filter>
    <Filter Include="examples\ThirdPartyLibs">
      <UniqueIdentifier>{2CE9C5A3-A968-B24D-9AB5-FAC7B1B5CF86}</UniqueIdentifier>
    </Filter>
    <Filter Include="examples\ThirdPartyLibs\Glew">
      <UniqueIdentifier>{5ABC1C0D-32E6-994D-AA91-9BD95E8AC3F6}</UniqueIdentifier>
    </Filter>
    <Filter Include="examples\SimpleOpenGL3">
      <UniqueIdentifier>{569BF437-293C-9442-B904-5059694625FC}</UniqueIdentifier>
    </Filter>
  </ItemGroup>
  <ItemGroup>
    <ClCompile Include="..\..\examples\ThirdPartyLibs\Glew\glew.c">
      <Filter>examples\ThirdPartyLibs\Glew</Filter>
    </ClCompile>
    <ClCompile Include="..\..\examples\SimpleOpenGL3\main.cpp">
      <Filter>examples\SimpleOpenGL3</Filter>
    </ClCompile>
  </ItemGroup>
</Project>
