<?xml version="1.0" encoding="utf-8"?>
<Project ToolsVersion="4.0" xmlns="http://schemas.microsoft.com/developer/msbuild/2003">
  <ItemGroup>
    <Filter Include="test">
      <UniqueIdentifier>{D5AD57C9-8547-004E-A475-6F7CA7FE4493}</UniqueIdentifier>
    </Filter>
    <Filter Include="test\clsocket">
      <UniqueIdentifier>{102E1F3D-08E5-A447-82DA-A516E242648A}</UniqueIdentifier>
    </Filter>
  </ItemGroup>
  <ItemGroup>
    <ClCompile Include="..\..\test\clsocket\EchoServer.cpp">
      <Filter>test\clsocket</Filter>
    </ClCompile>
  </ItemGroup>
</Project>
