<?xml version="1.0" encoding="utf-8"?>
<Project ToolsVersion="4.0" xmlns="http://schemas.microsoft.com/developer/msbuild/2003">
  <ItemGroup>
    <Filter Include="test">
      <UniqueIdentifier>{3CD537E5-7F29-614C-8B4F-B2A9B74BC665}</UniqueIdentifier>
    </Filter>
    <Filter Include="test\enet">
      <UniqueIdentifier>{9589F253-559C-754B-92BD-EAEA08C575F5}</UniqueIdentifier>
    </Filter>
    <Filter Include="test\enet\chat">
      <UniqueIdentifier>{33A2F6C2-5B23-5F4D-98C2-5DBD6B76F636}</UniqueIdentifier>
    </Filter>
    <Filter Include="test\enet\chat\client">
      <UniqueIdentifier>{74B3F252-48C0-BA4D-9552-64122C741C4F}</UniqueIdentifier>
    </Filter>
  </ItemGroup>
  <ItemGroup>
    <ClCompile Include="..\..\test\enet\chat\client\main.cpp">
      <Filter>test\enet\chat\client</Filter>
    </ClCompile>
  </ItemGroup>
</Project>
